// !$*UTF8*$!
{
	archiveVersion = 1;
	classes = {
	};
	objectVersion = 55;
	objects = {

/* Begin PBXBuildFile section */
		B50E63C228185BFC0069719B /* RecenlySearchedCVCell.swift in Sources */ = {isa = PBXBuildFile; fileRef = B50E63C128185BFC0069719B /* RecenlySearchedCVCell.swift */; };
		B50E63C428185DD20069719B /* MainTableViewCell.swift in Sources */ = {isa = PBXBuildFile; fileRef = B50E63C328185DD20069719B /* MainTableViewCell.swift */; };
		B5490626280F29D5009AF283 /* FavouriteCharacterCell.swift in Sources */ = {isa = PBXBuildFile; fileRef = B5490625280F29D5009AF283 /* FavouriteCharacterCell.swift */; };
		B5490629280F2B26009AF283 /* Kingfisher in Frameworks */ = {isa = PBXBuildFile; productRef = B5490628280F2B26009AF283 /* Kingfisher */; };
		B5A3B68627FF3DDA0009D3BE /* AppDelegate.swift in Sources */ = {isa = PBXBuildFile; fileRef = B5A3B68527FF3DDA0009D3BE /* AppDelegate.swift */; };
		B5A3B68827FF3DDA0009D3BE /* SceneDelegate.swift in Sources */ = {isa = PBXBuildFile; fileRef = B5A3B68727FF3DDA0009D3BE /* SceneDelegate.swift */; };
		B5A3B68F27FF3DDC0009D3BE /* Assets.xcassets in Resources */ = {isa = PBXBuildFile; fileRef = B5A3B68E27FF3DDC0009D3BE /* Assets.xcassets */; };
		B5A3B69227FF3DDC0009D3BE /* LaunchScreen.storyboard in Resources */ = {isa = PBXBuildFile; fileRef = B5A3B69027FF3DDC0009D3BE /* LaunchScreen.storyboard */; };
		B5A3B69D27FF3DDC0009D3BE /* HSERickAppTests.swift in Sources */ = {isa = PBXBuildFile; fileRef = B5A3B69C27FF3DDC0009D3BE /* HSERickAppTests.swift */; };
		B5A3B6A727FF3DDC0009D3BE /* HSERickAppUITests.swift in Sources */ = {isa = PBXBuildFile; fileRef = B5A3B6A627FF3DDC0009D3BE /* HSERickAppUITests.swift */; };
		B5A3B6A927FF3DDC0009D3BE /* HSERickAppUITestsLaunchTests.swift in Sources */ = {isa = PBXBuildFile; fileRef = B5A3B6A827FF3DDC0009D3BE /* HSERickAppUITestsLaunchTests.swift */; };
		B5A3B6B627FF416F0009D3BE /* TabBarVC.swift in Sources */ = {isa = PBXBuildFile; fileRef = B5A3B6B527FF416F0009D3BE /* TabBarVC.swift */; };
		B5B2A8862811F803001A735B /* CharacterDescriptionModel.swift in Sources */ = {isa = PBXBuildFile; fileRef = B5B2A8852811F803001A735B /* CharacterDescriptionModel.swift */; };
		B5B2A88B2811FAC5001A735B /* CharacterDescriptionCell.swift in Sources */ = {isa = PBXBuildFile; fileRef = B5B2A88A2811FAC5001A735B /* CharacterDescriptionCell.swift */; };
		B5B2A88D2811FB00001A735B /* CharacterModel.swift in Sources */ = {isa = PBXBuildFile; fileRef = B5B2A88C2811FB00001A735B /* CharacterModel.swift */; };
		B5B2A89328121B09001A735B /* Colors.xcassets in Resources */ = {isa = PBXBuildFile; fileRef = B5B2A89228121B09001A735B /* Colors.xcassets */; };
		B5B2A8A628130B58001A735B /* SearchPresenter.swift in Sources */ = {isa = PBXBuildFile; fileRef = B5B2A8A328130B58001A735B /* SearchPresenter.swift */; };
		B5B2A8A728130B58001A735B /* SearchViewController.swift in Sources */ = {isa = PBXBuildFile; fileRef = B5B2A8A428130B58001A735B /* SearchViewController.swift */; };
		B5B2A8A828130B58001A735B /* SearchBuilder.swift in Sources */ = {isa = PBXBuildFile; fileRef = B5B2A8A528130B58001A735B /* SearchBuilder.swift */; };
		B5B2A8AD28130C1B001A735B /* CharacterPagePresenter.swift in Sources */ = {isa = PBXBuildFile; fileRef = B5B2A8AA28130C1B001A735B /* CharacterPagePresenter.swift */; };
		B5B2A8AE28130C1B001A735B /* CharacterPageVC.swift in Sources */ = {isa = PBXBuildFile; fileRef = B5B2A8AB28130C1B001A735B /* CharacterPageVC.swift */; };
		B5B2A8AF28130C1B001A735B /* CharacterPageBuilder.swift in Sources */ = {isa = PBXBuildFile; fileRef = B5B2A8AC28130C1B001A735B /* CharacterPageBuilder.swift */; };
		B5B2A8B328130DA5001A735B /* HomePresenter.swift in Sources */ = {isa = PBXBuildFile; fileRef = B5B2A8B028130DA5001A735B /* HomePresenter.swift */; };
		B5B2A8B428130DA5001A735B /* HomeVC.swift in Sources */ = {isa = PBXBuildFile; fileRef = B5B2A8B128130DA5001A735B /* HomeVC.swift */; };
		B5B2A8B528130DA5001A735B /* HomeBuilder.swift in Sources */ = {isa = PBXBuildFile; fileRef = B5B2A8B228130DA5001A735B /* HomeBuilder.swift */; };
		B5B2A8B928130E51001A735B /* FavouritesListPresenter.swift in Sources */ = {isa = PBXBuildFile; fileRef = B5B2A8B628130E51001A735B /* FavouritesListPresenter.swift */; };
		B5B2A8BA28130E51001A735B /* FavouritesListVC.swift in Sources */ = {isa = PBXBuildFile; fileRef = B5B2A8B728130E51001A735B /* FavouritesListVC.swift */; };
		B5B2A8BB28130E51001A735B /* FavouritesListBuilder.swift in Sources */ = {isa = PBXBuildFile; fileRef = B5B2A8B828130E51001A735B /* FavouritesListBuilder.swift */; };
		B5B2A8C52813189B001A735B /* FavouritesListRouter.swift in Sources */ = {isa = PBXBuildFile; fileRef = B5B2A8C42813189B001A735B /* FavouritesListRouter.swift */; };
		B5B2A8C72813F569001A735B /* TileCell.swift in Sources */ = {isa = PBXBuildFile; fileRef = B5B2A8C62813F569001A735B /* TileCell.swift */; };
/* End PBXBuildFile section */

/* Begin PBXContainerItemProxy section */
		B5A3B69927FF3DDC0009D3BE /* PBXContainerItemProxy */ = {
			isa = PBXContainerItemProxy;
			containerPortal = B5A3B67A27FF3DD90009D3BE /* Project object */;
			proxyType = 1;
			remoteGlobalIDString = B5A3B68127FF3DDA0009D3BE;
			remoteInfo = HSERickApp;
		};
		B5A3B6A327FF3DDC0009D3BE /* PBXContainerItemProxy */ = {
			isa = PBXContainerItemProxy;
			containerPortal = B5A3B67A27FF3DD90009D3BE /* Project object */;
			proxyType = 1;
			remoteGlobalIDString = B5A3B68127FF3DDA0009D3BE;
			remoteInfo = HSERickApp;
		};
/* End PBXContainerItemProxy section */

/* Begin PBXFileReference section */
		B50E63C128185BFC0069719B /* RecenlySearchedCVCell.swift */ = {isa = PBXFileReference; lastKnownFileType = sourcecode.swift; path = RecenlySearchedCVCell.swift; sourceTree = "<group>"; };
		B50E63C328185DD20069719B /* MainTableViewCell.swift */ = {isa = PBXFileReference; lastKnownFileType = sourcecode.swift; path = MainTableViewCell.swift; sourceTree = "<group>"; };
		B5490625280F29D5009AF283 /* FavouriteCharacterCell.swift */ = {isa = PBXFileReference; lastKnownFileType = sourcecode.swift; path = FavouriteCharacterCell.swift; sourceTree = "<group>"; };
		B5A3B68227FF3DDA0009D3BE /* HSERickApp.app */ = {isa = PBXFileReference; explicitFileType = wrapper.application; includeInIndex = 0; path = HSERickApp.app; sourceTree = BUILT_PRODUCTS_DIR; };
		B5A3B68527FF3DDA0009D3BE /* AppDelegate.swift */ = {isa = PBXFileReference; lastKnownFileType = sourcecode.swift; path = AppDelegate.swift; sourceTree = "<group>"; };
		B5A3B68727FF3DDA0009D3BE /* SceneDelegate.swift */ = {isa = PBXFileReference; lastKnownFileType = sourcecode.swift; path = SceneDelegate.swift; sourceTree = "<group>"; };
		B5A3B68E27FF3DDC0009D3BE /* Assets.xcassets */ = {isa = PBXFileReference; lastKnownFileType = folder.assetcatalog; path = Assets.xcassets; sourceTree = "<group>"; };
		B5A3B69127FF3DDC0009D3BE /* Base */ = {isa = PBXFileReference; lastKnownFileType = file.storyboard; name = Base; path = Base.lproj/LaunchScreen.storyboard; sourceTree = "<group>"; };
		B5A3B69327FF3DDC0009D3BE /* Info.plist */ = {isa = PBXFileReference; lastKnownFileType = text.plist.xml; path = Info.plist; sourceTree = "<group>"; };
		B5A3B69827FF3DDC0009D3BE /* HSERickAppTests.xctest */ = {isa = PBXFileReference; explicitFileType = wrapper.cfbundle; includeInIndex = 0; path = HSERickAppTests.xctest; sourceTree = BUILT_PRODUCTS_DIR; };
		B5A3B69C27FF3DDC0009D3BE /* HSERickAppTests.swift */ = {isa = PBXFileReference; lastKnownFileType = sourcecode.swift; path = HSERickAppTests.swift; sourceTree = "<group>"; };
		B5A3B6A227FF3DDC0009D3BE /* HSERickAppUITests.xctest */ = {isa = PBXFileReference; explicitFileType = wrapper.cfbundle; includeInIndex = 0; path = HSERickAppUITests.xctest; sourceTree = BUILT_PRODUCTS_DIR; };
		B5A3B6A627FF3DDC0009D3BE /* HSERickAppUITests.swift */ = {isa = PBXFileReference; lastKnownFileType = sourcecode.swift; path = HSERickAppUITests.swift; sourceTree = "<group>"; };
		B5A3B6A827FF3DDC0009D3BE /* HSERickAppUITestsLaunchTests.swift */ = {isa = PBXFileReference; lastKnownFileType = sourcecode.swift; path = HSERickAppUITestsLaunchTests.swift; sourceTree = "<group>"; };
		B5A3B6B527FF416F0009D3BE /* TabBarVC.swift */ = {isa = PBXFileReference; lastKnownFileType = sourcecode.swift; path = TabBarVC.swift; sourceTree = "<group>"; };
		B5B2A8852811F803001A735B /* CharacterDescriptionModel.swift */ = {isa = PBXFileReference; lastKnownFileType = sourcecode.swift; path = CharacterDescriptionModel.swift; sourceTree = "<group>"; };
		B5B2A88A2811FAC5001A735B /* CharacterDescriptionCell.swift */ = {isa = PBXFileReference; lastKnownFileType = sourcecode.swift; path = CharacterDescriptionCell.swift; sourceTree = "<group>"; };
		B5B2A88C2811FB00001A735B /* CharacterModel.swift */ = {isa = PBXFileReference; lastKnownFileType = sourcecode.swift; path = CharacterModel.swift; sourceTree = "<group>"; };
		B5B2A89228121B09001A735B /* Colors.xcassets */ = {isa = PBXFileReference; lastKnownFileType = folder.assetcatalog; path = Colors.xcassets; sourceTree = "<group>"; };
		B5B2A8A328130B58001A735B /* SearchPresenter.swift */ = {isa = PBXFileReference; lastKnownFileType = sourcecode.swift; path = SearchPresenter.swift; sourceTree = "<group>"; };
		B5B2A8A428130B58001A735B /* SearchViewController.swift */ = {isa = PBXFileReference; lastKnownFileType = sourcecode.swift; path = SearchViewController.swift; sourceTree = "<group>"; };
		B5B2A8A528130B58001A735B /* SearchBuilder.swift */ = {isa = PBXFileReference; lastKnownFileType = sourcecode.swift; path = SearchBuilder.swift; sourceTree = "<group>"; };
		B5B2A8AA28130C1B001A735B /* CharacterPagePresenter.swift */ = {isa = PBXFileReference; lastKnownFileType = sourcecode.swift; path = CharacterPagePresenter.swift; sourceTree = "<group>"; };
		B5B2A8AB28130C1B001A735B /* CharacterPageVC.swift */ = {isa = PBXFileReference; lastKnownFileType = sourcecode.swift; path = CharacterPageVC.swift; sourceTree = "<group>"; };
		B5B2A8AC28130C1B001A735B /* CharacterPageBuilder.swift */ = {isa = PBXFileReference; lastKnownFileType = sourcecode.swift; path = CharacterPageBuilder.swift; sourceTree = "<group>"; };
		B5B2A8B028130DA5001A735B /* HomePresenter.swift */ = {isa = PBXFileReference; lastKnownFileType = sourcecode.swift; path = HomePresenter.swift; sourceTree = "<group>"; };
		B5B2A8B128130DA5001A735B /* HomeVC.swift */ = {isa = PBXFileReference; lastKnownFileType = sourcecode.swift; path = HomeVC.swift; sourceTree = "<group>"; };
		B5B2A8B228130DA5001A735B /* HomeBuilder.swift */ = {isa = PBXFileReference; lastKnownFileType = sourcecode.swift; path = HomeBuilder.swift; sourceTree = "<group>"; };
		B5B2A8B628130E51001A735B /* FavouritesListPresenter.swift */ = {isa = PBXFileReference; lastKnownFileType = sourcecode.swift; path = FavouritesListPresenter.swift; sourceTree = "<group>"; };
		B5B2A8B728130E51001A735B /* FavouritesListVC.swift */ = {isa = PBXFileReference; lastKnownFileType = sourcecode.swift; path = FavouritesListVC.swift; sourceTree = "<group>"; };
		B5B2A8B828130E51001A735B /* FavouritesListBuilder.swift */ = {isa = PBXFileReference; lastKnownFileType = sourcecode.swift; path = FavouritesListBuilder.swift; sourceTree = "<group>"; };
		B5B2A8C42813189B001A735B /* FavouritesListRouter.swift */ = {isa = PBXFileReference; lastKnownFileType = sourcecode.swift; path = FavouritesListRouter.swift; sourceTree = "<group>"; };
		B5B2A8C62813F569001A735B /* TileCell.swift */ = {isa = PBXFileReference; lastKnownFileType = sourcecode.swift; path = TileCell.swift; sourceTree = "<group>"; };
/* End PBXFileReference section */

/* Begin PBXFrameworksBuildPhase section */
		B5A3B67F27FF3DDA0009D3BE /* Frameworks */ = {
			isa = PBXFrameworksBuildPhase;
			buildActionMask = 2147483647;
			files = (
				B5490629280F2B26009AF283 /* Kingfisher in Frameworks */,
			);
			runOnlyForDeploymentPostprocessing = 0;
		};
		B5A3B69527FF3DDC0009D3BE /* Frameworks */ = {
			isa = PBXFrameworksBuildPhase;
			buildActionMask = 2147483647;
			files = (
			);
			runOnlyForDeploymentPostprocessing = 0;
		};
		B5A3B69F27FF3DDC0009D3BE /* Frameworks */ = {
			isa = PBXFrameworksBuildPhase;
			buildActionMask = 2147483647;
			files = (
			);
			runOnlyForDeploymentPostprocessing = 0;
		};
/* End PBXFrameworksBuildPhase section */

/* Begin PBXGroup section */
		B5A3B67927FF3DD90009D3BE = {
			isa = PBXGroup;
			children = (
				B5A3B68427FF3DDA0009D3BE /* HSERickApp */,
				B5A3B69B27FF3DDC0009D3BE /* HSERickAppTests */,
				B5A3B6A527FF3DDC0009D3BE /* HSERickAppUITests */,
				B5A3B68327FF3DDA0009D3BE /* Products */,
			);
			sourceTree = "<group>";
		};
		B5A3B68327FF3DDA0009D3BE /* Products */ = {
			isa = PBXGroup;
			children = (
				B5A3B68227FF3DDA0009D3BE /* HSERickApp.app */,
				B5A3B69827FF3DDC0009D3BE /* HSERickAppTests.xctest */,
				B5A3B6A227FF3DDC0009D3BE /* HSERickAppUITests.xctest */,
			);
			name = Products;
			sourceTree = "<group>";
		};
		B5A3B68427FF3DDA0009D3BE /* HSERickApp */ = {
			isa = PBXGroup;
			children = (
				B5B2A8842811F7F6001A735B /* Model */,
				B5A3B6BD28088D540009D3BE /* Scenes */,
				B5B2A89428121C53001A735B /* App */,
				B5A3B68E27FF3DDC0009D3BE /* Assets.xcassets */,
				B5B2A89228121B09001A735B /* Colors.xcassets */,
			);
			path = HSERickApp;
			sourceTree = "<group>";
		};
		B5A3B69B27FF3DDC0009D3BE /* HSERickAppTests */ = {
			isa = PBXGroup;
			children = (
				B5A3B69C27FF3DDC0009D3BE /* HSERickAppTests.swift */,
			);
			path = HSERickAppTests;
			sourceTree = "<group>";
		};
		B5A3B6A527FF3DDC0009D3BE /* HSERickAppUITests */ = {
			isa = PBXGroup;
			children = (
				B5A3B6A627FF3DDC0009D3BE /* HSERickAppUITests.swift */,
				B5A3B6A827FF3DDC0009D3BE /* HSERickAppUITestsLaunchTests.swift */,
			);
			path = HSERickAppUITests;
			sourceTree = "<group>";
		};
		B5A3B6BD28088D540009D3BE /* Scenes */ = {
			isa = PBXGroup;
			children = (
				B5B2A891281202F5001A735B /* MainTabBar */,
				B5B2A88F281202A3001A735B /* Home */,
				B5B2A88E28120282001A735B /* FavouritesList */,
				B5B2A8A928130BFD001A735B /* CharacterPage */,
				B5B2A890281202C6001A735B /* Search */,
			);
			path = Scenes;
			sourceTree = "<group>";
		};
		B5B2A8842811F7F6001A735B /* Model */ = {
			isa = PBXGroup;
			children = (
				B5B2A88C2811FB00001A735B /* CharacterModel.swift */,
				B5B2A8852811F803001A735B /* CharacterDescriptionModel.swift */,
			);
			path = Model;
			sourceTree = "<group>";
		};
		B5B2A88E28120282001A735B /* FavouritesList */ = {
			isa = PBXGroup;
			children = (
				B5B2A8B628130E51001A735B /* FavouritesListPresenter.swift */,
				B5B2A8B728130E51001A735B /* FavouritesListVC.swift */,
				B5B2A8B828130E51001A735B /* FavouritesListBuilder.swift */,
				B5B2A8C42813189B001A735B /* FavouritesListRouter.swift */,
				B5490625280F29D5009AF283 /* FavouriteCharacterCell.swift */,
			);
			path = FavouritesList;
			sourceTree = "<group>";
		};
		B5B2A88F281202A3001A735B /* Home */ = {
			isa = PBXGroup;
			children = (
				B5B2A8B028130DA5001A735B /* HomePresenter.swift */,
				B5B2A8B128130DA5001A735B /* HomeVC.swift */,
				B5B2A8C62813F569001A735B /* TileCell.swift */,
				B5B2A8B228130DA5001A735B /* HomeBuilder.swift */,
			);
			path = Home;
			sourceTree = "<group>";
		};
		B5B2A890281202C6001A735B /* Search */ = {
			isa = PBXGroup;
			children = (
				B5B2A8A328130B58001A735B /* SearchPresenter.swift */,
				B5B2A8A428130B58001A735B /* SearchViewController.swift */,
				B50E63C328185DD20069719B /* MainTableViewCell.swift */,
				B50E63C128185BFC0069719B /* RecenlySearchedCVCell.swift */,
				B5B2A8A528130B58001A735B /* SearchBuilder.swift */,
			);
			path = Search;
			sourceTree = "<group>";
		};
		B5B2A891281202F5001A735B /* MainTabBar */ = {
			isa = PBXGroup;
			children = (
				B5A3B6B527FF416F0009D3BE /* TabBarVC.swift */,
			);
			path = MainTabBar;
			sourceTree = "<group>";
		};
		B5B2A89428121C53001A735B /* App */ = {
			isa = PBXGroup;
			children = (
				B5A3B68527FF3DDA0009D3BE /* AppDelegate.swift */,
				B5A3B68727FF3DDA0009D3BE /* SceneDelegate.swift */,
				B5A3B69027FF3DDC0009D3BE /* LaunchScreen.storyboard */,
				B5A3B69327FF3DDC0009D3BE /* Info.plist */,
			);
			path = App;
			sourceTree = "<group>";
		};
		B5B2A8A928130BFD001A735B /* CharacterPage */ = {
			isa = PBXGroup;
			children = (
				B5B2A8AA28130C1B001A735B /* CharacterPagePresenter.swift */,
				B5B2A88A2811FAC5001A735B /* CharacterDescriptionCell.swift */,
				B5B2A8AB28130C1B001A735B /* CharacterPageVC.swift */,
				B5B2A8AC28130C1B001A735B /* CharacterPageBuilder.swift */,
			);
			path = CharacterPage;
			sourceTree = "<group>";
		};
/* End PBXGroup section */

/* Begin PBXNativeTarget section */
		B5A3B68127FF3DDA0009D3BE /* HSERickApp */ = {
			isa = PBXNativeTarget;
			buildConfigurationList = B5A3B6AC27FF3DDC0009D3BE /* Build configuration list for PBXNativeTarget "HSERickApp" */;
			buildPhases = (
				B5A3B67E27FF3DDA0009D3BE /* Sources */,
				B5A3B67F27FF3DDA0009D3BE /* Frameworks */,
				B5A3B68027FF3DDA0009D3BE /* Resources */,
			);
			buildRules = (
			);
			dependencies = (
			);
			name = HSERickApp;
			packageProductDependencies = (
				B5490628280F2B26009AF283 /* Kingfisher */,
			);
			productName = HSERickApp;
			productReference = B5A3B68227FF3DDA0009D3BE /* HSERickApp.app */;
			productType = "com.apple.product-type.application";
		};
		B5A3B69727FF3DDC0009D3BE /* HSERickAppTests */ = {
			isa = PBXNativeTarget;
			buildConfigurationList = B5A3B6AF27FF3DDC0009D3BE /* Build configuration list for PBXNativeTarget "HSERickAppTests" */;
			buildPhases = (
				B5A3B69427FF3DDC0009D3BE /* Sources */,
				B5A3B69527FF3DDC0009D3BE /* Frameworks */,
				B5A3B69627FF3DDC0009D3BE /* Resources */,
			);
			buildRules = (
			);
			dependencies = (
				B5A3B69A27FF3DDC0009D3BE /* PBXTargetDependency */,
			);
			name = HSERickAppTests;
			productName = HSERickAppTests;
			productReference = B5A3B69827FF3DDC0009D3BE /* HSERickAppTests.xctest */;
			productType = "com.apple.product-type.bundle.unit-test";
		};
		B5A3B6A127FF3DDC0009D3BE /* HSERickAppUITests */ = {
			isa = PBXNativeTarget;
			buildConfigurationList = B5A3B6B227FF3DDC0009D3BE /* Build configuration list for PBXNativeTarget "HSERickAppUITests" */;
			buildPhases = (
				B5A3B69E27FF3DDC0009D3BE /* Sources */,
				B5A3B69F27FF3DDC0009D3BE /* Frameworks */,
				B5A3B6A027FF3DDC0009D3BE /* Resources */,
			);
			buildRules = (
			);
			dependencies = (
				B5A3B6A427FF3DDC0009D3BE /* PBXTargetDependency */,
			);
			name = HSERickAppUITests;
			productName = HSERickAppUITests;
			productReference = B5A3B6A227FF3DDC0009D3BE /* HSERickAppUITests.xctest */;
			productType = "com.apple.product-type.bundle.ui-testing";
		};
/* End PBXNativeTarget section */

/* Begin PBXProject section */
		B5A3B67A27FF3DD90009D3BE /* Project object */ = {
			isa = PBXProject;
			attributes = {
				BuildIndependentTargetsInParallel = 1;
				LastSwiftUpdateCheck = 1330;
				LastUpgradeCheck = 1330;
				TargetAttributes = {
					B5A3B68127FF3DDA0009D3BE = {
						CreatedOnToolsVersion = 13.3;
					};
					B5A3B69727FF3DDC0009D3BE = {
						CreatedOnToolsVersion = 13.3;
						TestTargetID = B5A3B68127FF3DDA0009D3BE;
					};
					B5A3B6A127FF3DDC0009D3BE = {
						CreatedOnToolsVersion = 13.3;
						TestTargetID = B5A3B68127FF3DDA0009D3BE;
					};
				};
			};
			buildConfigurationList = B5A3B67D27FF3DD90009D3BE /* Build configuration list for PBXProject "HSERickApp" */;
			compatibilityVersion = "Xcode 13.0";
			developmentRegion = en;
			hasScannedForEncodings = 0;
			knownRegions = (
				en,
				Base,
			);
			mainGroup = B5A3B67927FF3DD90009D3BE;
			packageReferences = (
				B5490627280F2B26009AF283 /* XCRemoteSwiftPackageReference "Kingfisher" */,
			);
			productRefGroup = B5A3B68327FF3DDA0009D3BE /* Products */;
			projectDirPath = "";
			projectRoot = "";
			targets = (
				B5A3B68127FF3DDA0009D3BE /* HSERickApp */,
				B5A3B69727FF3DDC0009D3BE /* HSERickAppTests */,
				B5A3B6A127FF3DDC0009D3BE /* HSERickAppUITests */,
			);
		};
/* End PBXProject section */

/* Begin PBXResourcesBuildPhase section */
		B5A3B68027FF3DDA0009D3BE /* Resources */ = {
			isa = PBXResourcesBuildPhase;
			buildActionMask = 2147483647;
			files = (
				B5B2A89328121B09001A735B /* Colors.xcassets in Resources */,
				B5A3B69227FF3DDC0009D3BE /* LaunchScreen.storyboard in Resources */,
				B5A3B68F27FF3DDC0009D3BE /* Assets.xcassets in Resources */,
			);
			runOnlyForDeploymentPostprocessing = 0;
		};
		B5A3B69627FF3DDC0009D3BE /* Resources */ = {
			isa = PBXResourcesBuildPhase;
			buildActionMask = 2147483647;
			files = (
			);
			runOnlyForDeploymentPostprocessing = 0;
		};
		B5A3B6A027FF3DDC0009D3BE /* Resources */ = {
			isa = PBXResourcesBuildPhase;
			buildActionMask = 2147483647;
			files = (
			);
			runOnlyForDeploymentPostprocessing = 0;
		};
/* End PBXResourcesBuildPhase section */

/* Begin PBXSourcesBuildPhase section */
		B5A3B67E27FF3DDA0009D3BE /* Sources */ = {
			isa = PBXSourcesBuildPhase;
			buildActionMask = 2147483647;
			files = (
				B5B2A8A828130B58001A735B /* SearchBuilder.swift in Sources */,
				B5B2A8A628130B58001A735B /* SearchPresenter.swift in Sources */,
				B5B2A8B428130DA5001A735B /* HomeVC.swift in Sources */,
				B5490626280F29D5009AF283 /* FavouriteCharacterCell.swift in Sources */,
				B5B2A8AD28130C1B001A735B /* CharacterPagePresenter.swift in Sources */,
				B5B2A8BB28130E51001A735B /* FavouritesListBuilder.swift in Sources */,
				B5B2A8B528130DA5001A735B /* HomeBuilder.swift in Sources */,
				B50E63C428185DD20069719B /* MainTableViewCell.swift in Sources */,
				B5B2A8B928130E51001A735B /* FavouritesListPresenter.swift in Sources */,
				B5B2A8C72813F569001A735B /* TileCell.swift in Sources */,
				B5B2A8AF28130C1B001A735B /* CharacterPageBuilder.swift in Sources */,
				B5A3B68627FF3DDA0009D3BE /* AppDelegate.swift in Sources */,
				B5B2A8C52813189B001A735B /* FavouritesListRouter.swift in Sources */,
				B5B2A8AE28130C1B001A735B /* CharacterPageVC.swift in Sources */,
				B5B2A88D2811FB00001A735B /* CharacterModel.swift in Sources */,
				B5B2A8A728130B58001A735B /* SearchViewController.swift in Sources */,
				B50E63C228185BFC0069719B /* RecenlySearchedCVCell.swift in Sources */,
				B5B2A8BA28130E51001A735B /* FavouritesListVC.swift in Sources */,
				B5A3B6B627FF416F0009D3BE /* TabBarVC.swift in Sources */,
				B5B2A88B2811FAC5001A735B /* CharacterDescriptionCell.swift in Sources */,
				B5B2A8862811F803001A735B /* CharacterDescriptionModel.swift in Sources */,
				B5A3B68827FF3DDA0009D3BE /* SceneDelegate.swift in Sources */,
				B5B2A8B328130DA5001A735B /* HomePresenter.swift in Sources */,
			);
			runOnlyForDeploymentPostprocessing = 0;
		};
		B5A3B69427FF3DDC0009D3BE /* Sources */ = {
			isa = PBXSourcesBuildPhase;
			buildActionMask = 2147483647;
			files = (
				B5A3B69D27FF3DDC0009D3BE /* HSERickAppTests.swift in Sources */,
			);
			runOnlyForDeploymentPostprocessing = 0;
		};
		B5A3B69E27FF3DDC0009D3BE /* Sources */ = {
			isa = PBXSourcesBuildPhase;
			buildActionMask = 2147483647;
			files = (
				B5A3B6A927FF3DDC0009D3BE /* HSERickAppUITestsLaunchTests.swift in Sources */,
				B5A3B6A727FF3DDC0009D3BE /* HSERickAppUITests.swift in Sources */,
			);
			runOnlyForDeploymentPostprocessing = 0;
		};
/* End PBXSourcesBuildPhase section */

/* Begin PBXTargetDependency section */
		B5A3B69A27FF3DDC0009D3BE /* PBXTargetDependency */ = {
			isa = PBXTargetDependency;
			target = B5A3B68127FF3DDA0009D3BE /* HSERickApp */;
			targetProxy = B5A3B69927FF3DDC0009D3BE /* PBXContainerItemProxy */;
		};
		B5A3B6A427FF3DDC0009D3BE /* PBXTargetDependency */ = {
			isa = PBXTargetDependency;
			target = B5A3B68127FF3DDA0009D3BE /* HSERickApp */;
			targetProxy = B5A3B6A327FF3DDC0009D3BE /* PBXContainerItemProxy */;
		};
/* End PBXTargetDependency section */

/* Begin PBXVariantGroup section */
		B5A3B69027FF3DDC0009D3BE /* LaunchScreen.storyboard */ = {
			isa = PBXVariantGroup;
			children = (
				B5A3B69127FF3DDC0009D3BE /* Base */,
			);
			name = LaunchScreen.storyboard;
			sourceTree = "<group>";
		};
/* End PBXVariantGroup section */

/* Begin XCBuildConfiguration section */
		B5A3B6AA27FF3DDC0009D3BE /* Debug */ = {
			isa = XCBuildConfiguration;
			buildSettings = {
				ALWAYS_SEARCH_USER_PATHS = NO;
				CLANG_ANALYZER_NONNULL = YES;
				CLANG_ANALYZER_NUMBER_OBJECT_CONVERSION = YES_AGGRESSIVE;
				CLANG_CXX_LANGUAGE_STANDARD = "gnu++17";
				CLANG_ENABLE_MODULES = YES;
				CLANG_ENABLE_OBJC_ARC = YES;
				CLANG_ENABLE_OBJC_WEAK = YES;
				CLANG_WARN_BLOCK_CAPTURE_AUTORELEASING = YES;
				CLANG_WARN_BOOL_CONVERSION = YES;
				CLANG_WARN_COMMA = YES;
				CLANG_WARN_CONSTANT_CONVERSION = YES;
				CLANG_WARN_DEPRECATED_OBJC_IMPLEMENTATIONS = YES;
				CLANG_WARN_DIRECT_OBJC_ISA_USAGE = YES_ERROR;
				CLANG_WARN_DOCUMENTATION_COMMENTS = YES;
				CLANG_WARN_EMPTY_BODY = YES;
				CLANG_WARN_ENUM_CONVERSION = YES;
				CLANG_WARN_INFINITE_RECURSION = YES;
				CLANG_WARN_INT_CONVERSION = YES;
				CLANG_WARN_NON_LITERAL_NULL_CONVERSION = YES;
				CLANG_WARN_OBJC_IMPLICIT_RETAIN_SELF = YES;
				CLANG_WARN_OBJC_LITERAL_CONVERSION = YES;
				CLANG_WARN_OBJC_ROOT_CLASS = YES_ERROR;
				CLANG_WARN_QUOTED_INCLUDE_IN_FRAMEWORK_HEADER = YES;
				CLANG_WARN_RANGE_LOOP_ANALYSIS = YES;
				CLANG_WARN_STRICT_PROTOTYPES = YES;
				CLANG_WARN_SUSPICIOUS_MOVE = YES;
				CLANG_WARN_UNGUARDED_AVAILABILITY = YES_AGGRESSIVE;
				CLANG_WARN_UNREACHABLE_CODE = YES;
				CLANG_WARN__DUPLICATE_METHOD_MATCH = YES;
				COPY_PHASE_STRIP = NO;
				DEBUG_INFORMATION_FORMAT = dwarf;
				ENABLE_STRICT_OBJC_MSGSEND = YES;
				ENABLE_TESTABILITY = YES;
				GCC_C_LANGUAGE_STANDARD = gnu11;
				GCC_DYNAMIC_NO_PIC = NO;
				GCC_NO_COMMON_BLOCKS = YES;
				GCC_OPTIMIZATION_LEVEL = 0;
				GCC_PREPROCESSOR_DEFINITIONS = (
					"DEBUG=1",
					"$(inherited)",
				);
				GCC_WARN_64_TO_32_BIT_CONVERSION = YES;
				GCC_WARN_ABOUT_RETURN_TYPE = YES_ERROR;
				GCC_WARN_UNDECLARED_SELECTOR = YES;
				GCC_WARN_UNINITIALIZED_AUTOS = YES_AGGRESSIVE;
				GCC_WARN_UNUSED_FUNCTION = YES;
				GCC_WARN_UNUSED_VARIABLE = YES;
				INFOPLIST_FILE = App/info.plist;
				IPHONEOS_DEPLOYMENT_TARGET = 15.4;
				MTL_ENABLE_DEBUG_INFO = INCLUDE_SOURCE;
				MTL_FAST_MATH = YES;
				ONLY_ACTIVE_ARCH = YES;
				SDKROOT = iphoneos;
				SWIFT_ACTIVE_COMPILATION_CONDITIONS = DEBUG;
				SWIFT_OPTIMIZATION_LEVEL = "-Onone";
			};
			name = Debug;
		};
		B5A3B6AB27FF3DDC0009D3BE /* Release */ = {
			isa = XCBuildConfiguration;
			buildSettings = {
				ALWAYS_SEARCH_USER_PATHS = NO;
				CLANG_ANALYZER_NONNULL = YES;
				CLANG_ANALYZER_NUMBER_OBJECT_CONVERSION = YES_AGGRESSIVE;
				CLANG_CXX_LANGUAGE_STANDARD = "gnu++17";
				CLANG_ENABLE_MODULES = YES;
				CLANG_ENABLE_OBJC_ARC = YES;
				CLANG_ENABLE_OBJC_WEAK = YES;
				CLANG_WARN_BLOCK_CAPTURE_AUTORELEASING = YES;
				CLANG_WARN_BOOL_CONVERSION = YES;
				CLANG_WARN_COMMA = YES;
				CLANG_WARN_CONSTANT_CONVERSION = YES;
				CLANG_WARN_DEPRECATED_OBJC_IMPLEMENTATIONS = YES;
				CLANG_WARN_DIRECT_OBJC_ISA_USAGE = YES_ERROR;
				CLANG_WARN_DOCUMENTATION_COMMENTS = YES;
				CLANG_WARN_EMPTY_BODY = YES;
				CLANG_WARN_ENUM_CONVERSION = YES;
				CLANG_WARN_INFINITE_RECURSION = YES;
				CLANG_WARN_INT_CONVERSION = YES;
				CLANG_WARN_NON_LITERAL_NULL_CONVERSION = YES;
				CLANG_WARN_OBJC_IMPLICIT_RETAIN_SELF = YES;
				CLANG_WARN_OBJC_LITERAL_CONVERSION = YES;
				CLANG_WARN_OBJC_ROOT_CLASS = YES_ERROR;
				CLANG_WARN_QUOTED_INCLUDE_IN_FRAMEWORK_HEADER = YES;
				CLANG_WARN_RANGE_LOOP_ANALYSIS = YES;
				CLANG_WARN_STRICT_PROTOTYPES = YES;
				CLANG_WARN_SUSPICIOUS_MOVE = YES;
				CLANG_WARN_UNGUARDED_AVAILABILITY = YES_AGGRESSIVE;
				CLANG_WARN_UNREACHABLE_CODE = YES;
				CLANG_WARN__DUPLICATE_METHOD_MATCH = YES;
				COPY_PHASE_STRIP = NO;
				DEBUG_INFORMATION_FORMAT = "dwarf-with-dsym";
				ENABLE_NS_ASSERTIONS = NO;
				ENABLE_STRICT_OBJC_MSGSEND = YES;
				GCC_C_LANGUAGE_STANDARD = gnu11;
				GCC_NO_COMMON_BLOCKS = YES;
				GCC_WARN_64_TO_32_BIT_CONVERSION = YES;
				GCC_WARN_ABOUT_RETURN_TYPE = YES_ERROR;
				GCC_WARN_UNDECLARED_SELECTOR = YES;
				GCC_WARN_UNINITIALIZED_AUTOS = YES_AGGRESSIVE;
				GCC_WARN_UNUSED_FUNCTION = YES;
				GCC_WARN_UNUSED_VARIABLE = YES;
				INFOPLIST_FILE = App/info.plist;
				IPHONEOS_DEPLOYMENT_TARGET = 15.4;
				MTL_ENABLE_DEBUG_INFO = NO;
				MTL_FAST_MATH = YES;
				SDKROOT = iphoneos;
				SWIFT_COMPILATION_MODE = wholemodule;
				SWIFT_OPTIMIZATION_LEVEL = "-O";
				VALIDATE_PRODUCT = YES;
			};
			name = Release;
		};
		B5A3B6AD27FF3DDC0009D3BE /* Debug */ = {
			isa = XCBuildConfiguration;
			buildSettings = {
				ASSETCATALOG_COMPILER_APPICON_NAME = AppIcon;
				ASSETCATALOG_COMPILER_GLOBAL_ACCENT_COLOR_NAME = AccentColor;
				CODE_SIGN_STYLE = Automatic;
				CURRENT_PROJECT_VERSION = 1;
				DEVELOPMENT_TEAM = X3C4UMBA4P;
				GENERATE_INFOPLIST_FILE = YES;
				INFOPLIST_FILE = HSERickApp/App/Info.plist;
				INFOPLIST_KEY_UIApplicationSupportsIndirectInputEvents = YES;
				INFOPLIST_KEY_UILaunchStoryboardName = LaunchScreen;
				INFOPLIST_KEY_UISupportedInterfaceOrientations = UIInterfaceOrientationPortrait;
				INFOPLIST_KEY_UISupportedInterfaceOrientations_iPad = "UIInterfaceOrientationPortrait UIInterfaceOrientationPortraitUpsideDown UIInterfaceOrientationLandscapeLeft UIInterfaceOrientationLandscapeRight";
				INFOPLIST_KEY_UISupportedInterfaceOrientations_iPhone = "UIInterfaceOrientationPortrait UIInterfaceOrientationLandscapeLeft UIInterfaceOrientationLandscapeRight";
				LD_RUNPATH_SEARCH_PATHS = (
					"$(inherited)",
					"@executable_path/Frameworks",
				);
				MARKETING_VERSION = 1.0;
				PRODUCT_BUNDLE_IDENTIFIER = com.HSERickApp;
				PRODUCT_NAME = "$(TARGET_NAME)";
				SWIFT_EMIT_LOC_STRINGS = YES;
				SWIFT_VERSION = 5.0;
				TARGETED_DEVICE_FAMILY = 1;
			};
			name = Debug;
		};
		B5A3B6AE27FF3DDC0009D3BE /* Release */ = {
			isa = XCBuildConfiguration;
			buildSettings = {
				ASSETCATALOG_COMPILER_APPICON_NAME = AppIcon;
				ASSETCATALOG_COMPILER_GLOBAL_ACCENT_COLOR_NAME = AccentColor;
				CODE_SIGN_STYLE = Automatic;
				CURRENT_PROJECT_VERSION = 1;
				DEVELOPMENT_TEAM = X3C4UMBA4P;
				GENERATE_INFOPLIST_FILE = YES;
				INFOPLIST_FILE = HSERickApp/App/Info.plist;
				INFOPLIST_KEY_UIApplicationSupportsIndirectInputEvents = YES;
				INFOPLIST_KEY_UILaunchStoryboardName = LaunchScreen;
				INFOPLIST_KEY_UISupportedInterfaceOrientations = UIInterfaceOrientationPortrait;
				INFOPLIST_KEY_UISupportedInterfaceOrientations_iPad = "UIInterfaceOrientationPortrait UIInterfaceOrientationPortraitUpsideDown UIInterfaceOrientationLandscapeLeft UIInterfaceOrientationLandscapeRight";
				INFOPLIST_KEY_UISupportedInterfaceOrientations_iPhone = "UIInterfaceOrientationPortrait UIInterfaceOrientationLandscapeLeft UIInterfaceOrientationLandscapeRight";
				LD_RUNPATH_SEARCH_PATHS = (
					"$(inherited)",
					"@executable_path/Frameworks",
				);
				MARKETING_VERSION = 1.0;
				PRODUCT_BUNDLE_IDENTIFIER = com.HSERickApp;
				PRODUCT_NAME = "$(TARGET_NAME)";
				SWIFT_EMIT_LOC_STRINGS = YES;
				SWIFT_VERSION = 5.0;
				TARGETED_DEVICE_FAMILY = 1;
			};
			name = Release;
		};
		B5A3B6B027FF3DDC0009D3BE /* Debug */ = {
			isa = XCBuildConfiguration;
			buildSettings = {
				ALWAYS_EMBED_SWIFT_STANDARD_LIBRARIES = YES;
				BUNDLE_LOADER = "$(TEST_HOST)";
				CODE_SIGN_STYLE = Automatic;
				CURRENT_PROJECT_VERSION = 1;
				DEVELOPMENT_TEAM = X3C4UMBA4P;
				GENERATE_INFOPLIST_FILE = YES;
				INFOPLIST_FILE = "";
				IPHONEOS_DEPLOYMENT_TARGET = 15.4;
				MARKETING_VERSION = 1.0;
				PRODUCT_BUNDLE_IDENTIFIER = com.HSERickAppTests;
				PRODUCT_NAME = "$(TARGET_NAME)";
				SWIFT_EMIT_LOC_STRINGS = NO;
				SWIFT_VERSION = 5.0;
				TARGETED_DEVICE_FAMILY = "1,2";
				TEST_HOST = "$(BUILT_PRODUCTS_DIR)/HSERickApp.app/HSERickApp";
			};
			name = Debug;
		};
		B5A3B6B127FF3DDC0009D3BE /* Release */ = {
			isa = XCBuildConfiguration;
			buildSettings = {
				ALWAYS_EMBED_SWIFT_STANDARD_LIBRARIES = YES;
				BUNDLE_LOADER = "$(TEST_HOST)";
				CODE_SIGN_STYLE = Automatic;
				CURRENT_PROJECT_VERSION = 1;
				DEVELOPMENT_TEAM = X3C4UMBA4P;
				GENERATE_INFOPLIST_FILE = YES;
				INFOPLIST_FILE = "";
				IPHONEOS_DEPLOYMENT_TARGET = 15.4;
				MARKETING_VERSION = 1.0;
				PRODUCT_BUNDLE_IDENTIFIER = com.HSERickAppTests;
				PRODUCT_NAME = "$(TARGET_NAME)";
				SWIFT_EMIT_LOC_STRINGS = NO;
				SWIFT_VERSION = 5.0;
				TARGETED_DEVICE_FAMILY = "1,2";
				TEST_HOST = "$(BUILT_PRODUCTS_DIR)/HSERickApp.app/HSERickApp";
			};
			name = Release;
		};
		B5A3B6B327FF3DDC0009D3BE /* Debug */ = {
			isa = XCBuildConfiguration;
			buildSettings = {
				ALWAYS_EMBED_SWIFT_STANDARD_LIBRARIES = YES;
				CODE_SIGN_STYLE = Automatic;
				CURRENT_PROJECT_VERSION = 1;
				DEVELOPMENT_TEAM = X3C4UMBA4P;
				GENERATE_INFOPLIST_FILE = YES;
				MARKETING_VERSION = 1.0;
				PRODUCT_BUNDLE_IDENTIFIER = com.HSERickAppUITests;
				PRODUCT_NAME = "$(TARGET_NAME)";
				SWIFT_EMIT_LOC_STRINGS = NO;
				SWIFT_VERSION = 5.0;
				TARGETED_DEVICE_FAMILY = "1,2";
				TEST_TARGET_NAME = HSERickApp;
			};
			name = Debug;
		};
		B5A3B6B427FF3DDC0009D3BE /* Release */ = {
			isa = XCBuildConfiguration;
			buildSettings = {
				ALWAYS_EMBED_SWIFT_STANDARD_LIBRARIES = YES;
				CODE_SIGN_STYLE = Automatic;
				CURRENT_PROJECT_VERSION = 1;
				DEVELOPMENT_TEAM = X3C4UMBA4P;
				GENERATE_INFOPLIST_FILE = YES;
				MARKETING_VERSION = 1.0;
				PRODUCT_BUNDLE_IDENTIFIER = com.HSERickAppUITests;
				PRODUCT_NAME = "$(TARGET_NAME)";
				SWIFT_EMIT_LOC_STRINGS = NO;
				SWIFT_VERSION = 5.0;
				TARGETED_DEVICE_FAMILY = "1,2";
				TEST_TARGET_NAME = HSERickApp;
			};
			name = Release;
		};
/* End XCBuildConfiguration section */

/* Begin XCConfigurationList section */
		B5A3B67D27FF3DD90009D3BE /* Build configuration list for PBXProject "HSERickApp" */ = {
			isa = XCConfigurationList;
			buildConfigurations = (
				B5A3B6AA27FF3DDC0009D3BE /* Debug */,
				B5A3B6AB27FF3DDC0009D3BE /* Release */,
			);
			defaultConfigurationIsVisible = 0;
			defaultConfigurationName = Release;
		};
		B5A3B6AC27FF3DDC0009D3BE /* Build configuration list for PBXNativeTarget "HSERickApp" */ = {
			isa = XCConfigurationList;
			buildConfigurations = (
				B5A3B6AD27FF3DDC0009D3BE /* Debug */,
				B5A3B6AE27FF3DDC0009D3BE /* Release */,
			);
			defaultConfigurationIsVisible = 0;
			defaultConfigurationName = Release;
		};
		B5A3B6AF27FF3DDC0009D3BE /* Build configuration list for PBXNativeTarget "HSERickAppTests" */ = {
			isa = XCConfigurationList;
			buildConfigurations = (
				B5A3B6B027FF3DDC0009D3BE /* Debug */,
				B5A3B6B127FF3DDC0009D3BE /* Release */,
			);
			defaultConfigurationIsVisible = 0;
			defaultConfigurationName = Release;
		};
		B5A3B6B227FF3DDC0009D3BE /* Build configuration list for PBXNativeTarget "HSERickAppUITests" */ = {
			isa = XCConfigurationList;
			buildConfigurations = (
				B5A3B6B327FF3DDC0009D3BE /* Debug */,
				B5A3B6B427FF3DDC0009D3BE /* Release */,
			);
			defaultConfigurationIsVisible = 0;
			defaultConfigurationName = Release;
		};
/* End XCConfigurationList section */

/* Begin XCRemoteSwiftPackageReference section */
		B5490627280F2B26009AF283 /* XCRemoteSwiftPackageReference "Kingfisher" */ = {
			isa = XCRemoteSwiftPackageReference;
			repositoryURL = "https://github.com/onevcat/Kingfisher.git";
			requirement = {
				kind = upToNextMajorVersion;
				minimumVersion = 7.0.0;
			};
		};
/* End XCRemoteSwiftPackageReference section */

/* Begin XCSwiftPackageProductDependency section */
		B5490628280F2B26009AF283 /* Kingfisher */ = {
			isa = XCSwiftPackageProductDependency;
			package = B5490627280F2B26009AF283 /* XCRemoteSwiftPackageReference "Kingfisher" */;
			productName = Kingfisher;
		};
/* End XCSwiftPackageProductDependency section */
	};
	rootObject = B5A3B67A27FF3DD90009D3BE /* Project object */;
}
