// !$*UTF8*$!
{
	archiveVersion = 1;
	classes = {
	};
	objectVersion = 55;
	objects = {

/* Begin PBXBuildFile section */
		B50E63C228185BFC0069719B /* SmallCharacterCell.swift in Sources */ = {isa = PBXBuildFile; fileRef = B50E63C128185BFC0069719B /* SmallCharacterCell.swift */; };
		B50E63C428185DD20069719B /* SuggestionContainerCell.swift in Sources */ = {isa = PBXBuildFile; fileRef = B50E63C328185DD20069719B /* SuggestionContainerCell.swift */; };
		B5490626280F29D5009AF283 /* FavouriteCharacterCell.swift in Sources */ = {isa = PBXBuildFile; fileRef = B5490625280F29D5009AF283 /* FavouriteCharacterCell.swift */; };
		B5490629280F2B26009AF283 /* Kingfisher in Frameworks */ = {isa = PBXBuildFile; productRef = B5490628280F2B26009AF283 /* Kingfisher */; };
		B5655C51283406C300B43BEB /* sf-ui-display-black.ttf in Resources */ = {isa = PBXBuildFile; fileRef = B5655C50283406C300B43BEB /* sf-ui-display-black.ttf */; };
		B5655C5628354C8700B43BEB /* sf-ui-text-semibold.ttf in Resources */ = {isa = PBXBuildFile; fileRef = B5655C5528354C8600B43BEB /* sf-ui-text-semibold.ttf */; };
		B5655C582835531300B43BEB /* SearchResultModel.swift in Sources */ = {isa = PBXBuildFile; fileRef = B5655C572835531300B43BEB /* SearchResultModel.swift */; };
		B5655C5A28355F9B00B43BEB /* SearchResultCell.swift in Sources */ = {isa = PBXBuildFile; fileRef = B5655C5928355F9B00B43BEB /* SearchResultCell.swift */; };
		B5655C5E2835628900B43BEB /* SF-UI-Display-Bold.ttf in Resources */ = {isa = PBXBuildFile; fileRef = B5655C5D2835628900B43BEB /* SF-UI-Display-Bold.ttf */; };
		B5655C60283562DB00B43BEB /* sf-ui-text-bold.ttf in Resources */ = {isa = PBXBuildFile; fileRef = B5655C5F283562DB00B43BEB /* sf-ui-text-bold.ttf */; };
		B5655C62283562ED00B43BEB /* CustomFonts.swift in Sources */ = {isa = PBXBuildFile; fileRef = B5655C61283562ED00B43BEB /* CustomFonts.swift */; };
		B5655C652835686400B43BEB /* UITableViewCell+defaultReuseIdentifier.swift in Sources */ = {isa = PBXBuildFile; fileRef = B5655C642835686400B43BEB /* UITableViewCell+defaultReuseIdentifier.swift */; };
		B5655C672835694B00B43BEB /* UICollectionViewCell+defaultReuseIdentifier.swift in Sources */ = {isa = PBXBuildFile; fileRef = B5655C662835694B00B43BEB /* UICollectionViewCell+defaultReuseIdentifier.swift */; };
		B5655C69283583E500B43BEB /* SearchRouter.swift in Sources */ = {isa = PBXBuildFile; fileRef = B5655C68283583E500B43BEB /* SearchRouter.swift */; };
		B5655C752835AAB500B43BEB /* Collections in Frameworks */ = {isa = PBXBuildFile; productRef = B5655C742835AAB500B43BEB /* Collections */; };
		B5655C772835AAB500B43BEB /* OrderedCollections in Frameworks */ = {isa = PBXBuildFile; productRef = B5655C762835AAB500B43BEB /* OrderedCollections */; };
		B576982528380EA100A75BD3 /* CharactersTilesPresenter.swift in Sources */ = {isa = PBXBuildFile; fileRef = B576982128380EA100A75BD3 /* CharactersTilesPresenter.swift */; };
		B576982628380EA100A75BD3 /* CharactersTilesRouter.swift in Sources */ = {isa = PBXBuildFile; fileRef = B576982228380EA100A75BD3 /* CharactersTilesRouter.swift */; };
		B576982728380EA100A75BD3 /* CharactersTilesVC.swift in Sources */ = {isa = PBXBuildFile; fileRef = B576982328380EA100A75BD3 /* CharactersTilesVC.swift */; };
		B576982828380EA100A75BD3 /* CharactersTilesBuilder.swift in Sources */ = {isa = PBXBuildFile; fileRef = B576982428380EA100A75BD3 /* CharactersTilesBuilder.swift */; };
		B576982A2838EB5100A75BD3 /* CharactersTilesAnimatationController.swift in Sources */ = {isa = PBXBuildFile; fileRef = B57698292838EB5100A75BD3 /* CharactersTilesAnimatationController.swift */; };
		B5A3B68627FF3DDA0009D3BE /* AppDelegate.swift in Sources */ = {isa = PBXBuildFile; fileRef = B5A3B68527FF3DDA0009D3BE /* AppDelegate.swift */; };
		B5A3B68827FF3DDA0009D3BE /* SceneDelegate.swift in Sources */ = {isa = PBXBuildFile; fileRef = B5A3B68727FF3DDA0009D3BE /* SceneDelegate.swift */; };
		B5A3B68F27FF3DDC0009D3BE /* Assets.xcassets in Resources */ = {isa = PBXBuildFile; fileRef = B5A3B68E27FF3DDC0009D3BE /* Assets.xcassets */; };
		B5A3B69227FF3DDC0009D3BE /* LaunchScreen.storyboard in Resources */ = {isa = PBXBuildFile; fileRef = B5A3B69027FF3DDC0009D3BE /* LaunchScreen.storyboard */; };
		B5A3B69D27FF3DDC0009D3BE /* HSERickAppTests.swift in Sources */ = {isa = PBXBuildFile; fileRef = B5A3B69C27FF3DDC0009D3BE /* HSERickAppTests.swift */; };
		B5A3B6A727FF3DDC0009D3BE /* HSERickAppUITests.swift in Sources */ = {isa = PBXBuildFile; fileRef = B5A3B6A627FF3DDC0009D3BE /* HSERickAppUITests.swift */; };
		B5A3B6A927FF3DDC0009D3BE /* HSERickAppUITestsLaunchTests.swift in Sources */ = {isa = PBXBuildFile; fileRef = B5A3B6A827FF3DDC0009D3BE /* HSERickAppUITestsLaunchTests.swift */; };
		B5B2A88B2811FAC5001A735B /* CharacterDescriptionCell.swift in Sources */ = {isa = PBXBuildFile; fileRef = B5B2A88A2811FAC5001A735B /* CharacterDescriptionCell.swift */; };
		B5B2A89328121B09001A735B /* Colors.xcassets in Resources */ = {isa = PBXBuildFile; fileRef = B5B2A89228121B09001A735B /* Colors.xcassets */; };
		B5B2A8A628130B58001A735B /* SearchPresenter.swift in Sources */ = {isa = PBXBuildFile; fileRef = B5B2A8A328130B58001A735B /* SearchPresenter.swift */; };
		B5B2A8A728130B58001A735B /* SearchVС.swift in Sources */ = {isa = PBXBuildFile; fileRef = B5B2A8A428130B58001A735B /* SearchVС.swift */; };
		B5B2A8A828130B58001A735B /* SearchBuilder.swift in Sources */ = {isa = PBXBuildFile; fileRef = B5B2A8A528130B58001A735B /* SearchBuilder.swift */; };
		B5B2A8AD28130C1B001A735B /* CharacterPagePresenter.swift in Sources */ = {isa = PBXBuildFile; fileRef = B5B2A8AA28130C1B001A735B /* CharacterPagePresenter.swift */; };
		B5B2A8AE28130C1B001A735B /* CharacterPageVC.swift in Sources */ = {isa = PBXBuildFile; fileRef = B5B2A8AB28130C1B001A735B /* CharacterPageVC.swift */; };
		B5B2A8AF28130C1B001A735B /* CharacterPageBuilder.swift in Sources */ = {isa = PBXBuildFile; fileRef = B5B2A8AC28130C1B001A735B /* CharacterPageBuilder.swift */; };
		B5B2A8B328130DA5001A735B /* HomePresenter.swift in Sources */ = {isa = PBXBuildFile; fileRef = B5B2A8B028130DA5001A735B /* HomePresenter.swift */; };
		B5B2A8B428130DA5001A735B /* HomeVC.swift in Sources */ = {isa = PBXBuildFile; fileRef = B5B2A8B128130DA5001A735B /* HomeVC.swift */; };
		B5B2A8B528130DA5001A735B /* HomeBuilder.swift in Sources */ = {isa = PBXBuildFile; fileRef = B5B2A8B228130DA5001A735B /* HomeBuilder.swift */; };
		B5B2A8B928130E51001A735B /* FavouritesListPresenter.swift in Sources */ = {isa = PBXBuildFile; fileRef = B5B2A8B628130E51001A735B /* FavouritesListPresenter.swift */; };
		B5B2A8BA28130E51001A735B /* FavouritesListVC.swift in Sources */ = {isa = PBXBuildFile; fileRef = B5B2A8B728130E51001A735B /* FavouritesListVC.swift */; };
		B5B2A8BB28130E51001A735B /* FavouritesListBuilder.swift in Sources */ = {isa = PBXBuildFile; fileRef = B5B2A8B828130E51001A735B /* FavouritesListBuilder.swift */; };
		B5B2A8C52813189B001A735B /* FavouritesListRouter.swift in Sources */ = {isa = PBXBuildFile; fileRef = B5B2A8C42813189B001A735B /* FavouritesListRouter.swift */; };
		B5B2A8C72813F569001A735B /* TileCell.swift in Sources */ = {isa = PBXBuildFile; fileRef = B5B2A8C62813F569001A735B /* TileCell.swift */; };
		B5C7562D281B3AEE00A2DC24 /* CharacterDescriptionModel.swift in Sources */ = {isa = PBXBuildFile; fileRef = B5C7562C281B3AEE00A2DC24 /* CharacterDescriptionModel.swift */; };
		B5C75631281D44CD00A2DC24 /* CharacterCategory.swift in Sources */ = {isa = PBXBuildFile; fileRef = B5C75630281D44CD00A2DC24 /* CharacterCategory.swift */; };
		B5F2A0FC2819014A005B05D6 /* TabBarPresenter.swift in Sources */ = {isa = PBXBuildFile; fileRef = B5F2A0F92819014A005B05D6 /* TabBarPresenter.swift */; };
		B5F2A0FD2819014A005B05D6 /* TabBarViewController.swift in Sources */ = {isa = PBXBuildFile; fileRef = B5F2A0FA2819014A005B05D6 /* TabBarViewController.swift */; };
		B5F2A0FE2819014A005B05D6 /* TabBarBuilder.swift in Sources */ = {isa = PBXBuildFile; fileRef = B5F2A0FB2819014A005B05D6 /* TabBarBuilder.swift */; };
		B5F2A10028190467005B05D6 /* TabBarRouter.swift in Sources */ = {isa = PBXBuildFile; fileRef = B5F2A0FF28190467005B05D6 /* TabBarRouter.swift */; };
		B5F2A103281915D2005B05D6 /* RickAPIEndpoint.swift in Sources */ = {isa = PBXBuildFile; fileRef = B5F2A102281915D2005B05D6 /* RickAPIEndpoint.swift */; };
		B5F2A105281916AF005B05D6 /* APIWorker.swift in Sources */ = {isa = PBXBuildFile; fileRef = B5F2A104281916AF005B05D6 /* APIWorker.swift */; };
		B5F2A10828191714005B05D6 /* CharacterModel+LocationModel.swift in Sources */ = {isa = PBXBuildFile; fileRef = B5F2A10728191714005B05D6 /* CharacterModel+LocationModel.swift */; };
		B5F2A10C28191837005B05D6 /* UDManager.swift in Sources */ = {isa = PBXBuildFile; fileRef = B5F2A10B28191837005B05D6 /* UDManager.swift */; };
/* End PBXBuildFile section */

/* Begin PBXContainerItemProxy section */
		B5A3B69927FF3DDC0009D3BE /* PBXContainerItemProxy */ = {
			isa = PBXContainerItemProxy;
			containerPortal = B5A3B67A27FF3DD90009D3BE /* Project object */;
			proxyType = 1;
			remoteGlobalIDString = B5A3B68127FF3DDA0009D3BE;
			remoteInfo = HSERickApp;
		};
		B5A3B6A327FF3DDC0009D3BE /* PBXContainerItemProxy */ = {
			isa = PBXContainerItemProxy;
			containerPortal = B5A3B67A27FF3DD90009D3BE /* Project object */;
			proxyType = 1;
			remoteGlobalIDString = B5A3B68127FF3DDA0009D3BE;
			remoteInfo = HSERickApp;
		};
/* End PBXContainerItemProxy section */

/* Begin PBXFileReference section */
		B50E63C128185BFC0069719B /* SmallCharacterCell.swift */ = {isa = PBXFileReference; lastKnownFileType = sourcecode.swift; path = SmallCharacterCell.swift; sourceTree = "<group>"; };
		B50E63C328185DD20069719B /* SuggestionContainerCell.swift */ = {isa = PBXFileReference; lastKnownFileType = sourcecode.swift; path = SuggestionContainerCell.swift; sourceTree = "<group>"; };
		B5490625280F29D5009AF283 /* FavouriteCharacterCell.swift */ = {isa = PBXFileReference; lastKnownFileType = sourcecode.swift; path = FavouriteCharacterCell.swift; sourceTree = "<group>"; };
		B5655C50283406C300B43BEB /* sf-ui-display-black.ttf */ = {isa = PBXFileReference; lastKnownFileType = file; path = "sf-ui-display-black.ttf"; sourceTree = "<group>"; };
		B5655C5528354C8600B43BEB /* sf-ui-text-semibold.ttf */ = {isa = PBXFileReference; lastKnownFileType = file; path = "sf-ui-text-semibold.ttf"; sourceTree = "<group>"; };
		B5655C572835531300B43BEB /* SearchResultModel.swift */ = {isa = PBXFileReference; lastKnownFileType = sourcecode.swift; path = SearchResultModel.swift; sourceTree = "<group>"; };
		B5655C5928355F9B00B43BEB /* SearchResultCell.swift */ = {isa = PBXFileReference; lastKnownFileType = sourcecode.swift; path = SearchResultCell.swift; sourceTree = "<group>"; };
		B5655C5D2835628900B43BEB /* SF-UI-Display-Bold.ttf */ = {isa = PBXFileReference; lastKnownFileType = file; path = "SF-UI-Display-Bold.ttf"; sourceTree = "<group>"; };
		B5655C5F283562DB00B43BEB /* sf-ui-text-bold.ttf */ = {isa = PBXFileReference; lastKnownFileType = file; path = "sf-ui-text-bold.ttf"; sourceTree = "<group>"; };
		B5655C61283562ED00B43BEB /* CustomFonts.swift */ = {isa = PBXFileReference; lastKnownFileType = sourcecode.swift; path = CustomFonts.swift; sourceTree = "<group>"; };
		B5655C642835686400B43BEB /* UITableViewCell+defaultReuseIdentifier.swift */ = {isa = PBXFileReference; lastKnownFileType = sourcecode.swift; path = "UITableViewCell+defaultReuseIdentifier.swift"; sourceTree = "<group>"; };
		B5655C662835694B00B43BEB /* UICollectionViewCell+defaultReuseIdentifier.swift */ = {isa = PBXFileReference; lastKnownFileType = sourcecode.swift; path = "UICollectionViewCell+defaultReuseIdentifier.swift"; sourceTree = "<group>"; };
		B5655C68283583E500B43BEB /* SearchRouter.swift */ = {isa = PBXFileReference; lastKnownFileType = sourcecode.swift; path = SearchRouter.swift; sourceTree = "<group>"; };
		B576982128380EA100A75BD3 /* CharactersTilesPresenter.swift */ = {isa = PBXFileReference; lastKnownFileType = sourcecode.swift; path = CharactersTilesPresenter.swift; sourceTree = "<group>"; };
		B576982228380EA100A75BD3 /* CharactersTilesRouter.swift */ = {isa = PBXFileReference; lastKnownFileType = sourcecode.swift; path = CharactersTilesRouter.swift; sourceTree = "<group>"; };
		B576982328380EA100A75BD3 /* CharactersTilesVC.swift */ = {isa = PBXFileReference; lastKnownFileType = sourcecode.swift; path = CharactersTilesVC.swift; sourceTree = "<group>"; };
		B576982428380EA100A75BD3 /* CharactersTilesBuilder.swift */ = {isa = PBXFileReference; lastKnownFileType = sourcecode.swift; path = CharactersTilesBuilder.swift; sourceTree = "<group>"; };
		B57698292838EB5100A75BD3 /* CharactersTilesAnimatationController.swift */ = {isa = PBXFileReference; lastKnownFileType = sourcecode.swift; path = CharactersTilesAnimatationController.swift; sourceTree = "<group>"; };
		B5A3B68227FF3DDA0009D3BE /* HSERickApp.app */ = {isa = PBXFileReference; explicitFileType = wrapper.application; includeInIndex = 0; path = HSERickApp.app; sourceTree = BUILT_PRODUCTS_DIR; };
		B5A3B68527FF3DDA0009D3BE /* AppDelegate.swift */ = {isa = PBXFileReference; lastKnownFileType = sourcecode.swift; path = AppDelegate.swift; sourceTree = "<group>"; };
		B5A3B68727FF3DDA0009D3BE /* SceneDelegate.swift */ = {isa = PBXFileReference; lastKnownFileType = sourcecode.swift; path = SceneDelegate.swift; sourceTree = "<group>"; };
		B5A3B68E27FF3DDC0009D3BE /* Assets.xcassets */ = {isa = PBXFileReference; lastKnownFileType = folder.assetcatalog; path = Assets.xcassets; sourceTree = "<group>"; };
		B5A3B69127FF3DDC0009D3BE /* Base */ = {isa = PBXFileReference; lastKnownFileType = file.storyboard; name = Base; path = Base.lproj/LaunchScreen.storyboard; sourceTree = "<group>"; };
		B5A3B69327FF3DDC0009D3BE /* Info.plist */ = {isa = PBXFileReference; lastKnownFileType = text.plist.xml; path = Info.plist; sourceTree = "<group>"; };
		B5A3B69827FF3DDC0009D3BE /* HSERickAppTests.xctest */ = {isa = PBXFileReference; explicitFileType = wrapper.cfbundle; includeInIndex = 0; path = HSERickAppTests.xctest; sourceTree = BUILT_PRODUCTS_DIR; };
		B5A3B69C27FF3DDC0009D3BE /* HSERickAppTests.swift */ = {isa = PBXFileReference; lastKnownFileType = sourcecode.swift; path = HSERickAppTests.swift; sourceTree = "<group>"; };
		B5A3B6A227FF3DDC0009D3BE /* HSERickAppUITests.xctest */ = {isa = PBXFileReference; explicitFileType = wrapper.cfbundle; includeInIndex = 0; path = HSERickAppUITests.xctest; sourceTree = BUILT_PRODUCTS_DIR; };
		B5A3B6A627FF3DDC0009D3BE /* HSERickAppUITests.swift */ = {isa = PBXFileReference; lastKnownFileType = sourcecode.swift; path = HSERickAppUITests.swift; sourceTree = "<group>"; };
		B5A3B6A827FF3DDC0009D3BE /* HSERickAppUITestsLaunchTests.swift */ = {isa = PBXFileReference; lastKnownFileType = sourcecode.swift; path = HSERickAppUITestsLaunchTests.swift; sourceTree = "<group>"; };
		B5B2A88A2811FAC5001A735B /* CharacterDescriptionCell.swift */ = {isa = PBXFileReference; lastKnownFileType = sourcecode.swift; path = CharacterDescriptionCell.swift; sourceTree = "<group>"; };
		B5B2A89228121B09001A735B /* Colors.xcassets */ = {isa = PBXFileReference; lastKnownFileType = folder.assetcatalog; path = Colors.xcassets; sourceTree = "<group>"; };
		B5B2A8A328130B58001A735B /* SearchPresenter.swift */ = {isa = PBXFileReference; lastKnownFileType = sourcecode.swift; path = SearchPresenter.swift; sourceTree = "<group>"; };
		B5B2A8A428130B58001A735B /* SearchVС.swift */ = {isa = PBXFileReference; lastKnownFileType = sourcecode.swift; path = "SearchVС.swift"; sourceTree = "<group>"; };
		B5B2A8A528130B58001A735B /* SearchBuilder.swift */ = {isa = PBXFileReference; lastKnownFileType = sourcecode.swift; path = SearchBuilder.swift; sourceTree = "<group>"; };
		B5B2A8AA28130C1B001A735B /* CharacterPagePresenter.swift */ = {isa = PBXFileReference; lastKnownFileType = sourcecode.swift; path = CharacterPagePresenter.swift; sourceTree = "<group>"; };
		B5B2A8AB28130C1B001A735B /* CharacterPageVC.swift */ = {isa = PBXFileReference; lastKnownFileType = sourcecode.swift; path = CharacterPageVC.swift; sourceTree = "<group>"; };
		B5B2A8AC28130C1B001A735B /* CharacterPageBuilder.swift */ = {isa = PBXFileReference; lastKnownFileType = sourcecode.swift; path = CharacterPageBuilder.swift; sourceTree = "<group>"; };
		B5B2A8B028130DA5001A735B /* HomePresenter.swift */ = {isa = PBXFileReference; lastKnownFileType = sourcecode.swift; path = HomePresenter.swift; sourceTree = "<group>"; };
		B5B2A8B128130DA5001A735B /* HomeVC.swift */ = {isa = PBXFileReference; lastKnownFileType = sourcecode.swift; path = HomeVC.swift; sourceTree = "<group>"; };
		B5B2A8B228130DA5001A735B /* HomeBuilder.swift */ = {isa = PBXFileReference; lastKnownFileType = sourcecode.swift; path = HomeBuilder.swift; sourceTree = "<group>"; };
		B5B2A8B628130E51001A735B /* FavouritesListPresenter.swift */ = {isa = PBXFileReference; lastKnownFileType = sourcecode.swift; path = FavouritesListPresenter.swift; sourceTree = "<group>"; };
		B5B2A8B728130E51001A735B /* FavouritesListVC.swift */ = {isa = PBXFileReference; lastKnownFileType = sourcecode.swift; path = FavouritesListVC.swift; sourceTree = "<group>"; };
		B5B2A8B828130E51001A735B /* FavouritesListBuilder.swift */ = {isa = PBXFileReference; lastKnownFileType = sourcecode.swift; path = FavouritesListBuilder.swift; sourceTree = "<group>"; };
		B5B2A8C42813189B001A735B /* FavouritesListRouter.swift */ = {isa = PBXFileReference; lastKnownFileType = sourcecode.swift; path = FavouritesListRouter.swift; sourceTree = "<group>"; };
		B5B2A8C62813F569001A735B /* TileCell.swift */ = {isa = PBXFileReference; lastKnownFileType = sourcecode.swift; path = TileCell.swift; sourceTree = "<group>"; };
		B5C7562C281B3AEE00A2DC24 /* CharacterDescriptionModel.swift */ = {isa = PBXFileReference; lastKnownFileType = sourcecode.swift; path = CharacterDescriptionModel.swift; sourceTree = "<group>"; };
		B5C75630281D44CD00A2DC24 /* CharacterCategory.swift */ = {isa = PBXFileReference; lastKnownFileType = sourcecode.swift; path = CharacterCategory.swift; sourceTree = "<group>"; };
		B5F2A0F92819014A005B05D6 /* TabBarPresenter.swift */ = {isa = PBXFileReference; lastKnownFileType = sourcecode.swift; path = TabBarPresenter.swift; sourceTree = "<group>"; };
		B5F2A0FA2819014A005B05D6 /* TabBarViewController.swift */ = {isa = PBXFileReference; lastKnownFileType = sourcecode.swift; path = TabBarViewController.swift; sourceTree = "<group>"; };
		B5F2A0FB2819014A005B05D6 /* TabBarBuilder.swift */ = {isa = PBXFileReference; lastKnownFileType = sourcecode.swift; path = TabBarBuilder.swift; sourceTree = "<group>"; };
		B5F2A0FF28190467005B05D6 /* TabBarRouter.swift */ = {isa = PBXFileReference; lastKnownFileType = sourcecode.swift; path = TabBarRouter.swift; sourceTree = "<group>"; };
		B5F2A102281915D2005B05D6 /* RickAPIEndpoint.swift */ = {isa = PBXFileReference; lastKnownFileType = sourcecode.swift; path = RickAPIEndpoint.swift; sourceTree = "<group>"; };
		B5F2A104281916AF005B05D6 /* APIWorker.swift */ = {isa = PBXFileReference; lastKnownFileType = sourcecode.swift; path = APIWorker.swift; sourceTree = "<group>"; };
		B5F2A10728191714005B05D6 /* CharacterModel+LocationModel.swift */ = {isa = PBXFileReference; lastKnownFileType = sourcecode.swift; path = "CharacterModel+LocationModel.swift"; sourceTree = "<group>"; };
		B5F2A10B28191837005B05D6 /* UDManager.swift */ = {isa = PBXFileReference; lastKnownFileType = sourcecode.swift; path = UDManager.swift; sourceTree = "<group>"; };
/* End PBXFileReference section */

/* Begin PBXFrameworksBuildPhase section */
		B5A3B67F27FF3DDA0009D3BE /* Frameworks */ = {
			isa = PBXFrameworksBuildPhase;
			buildActionMask = 2147483647;
			files = (
				B5655C752835AAB500B43BEB /* Collections in Frameworks */,
				B5490629280F2B26009AF283 /* Kingfisher in Frameworks */,
				B5655C772835AAB500B43BEB /* OrderedCollections in Frameworks */,
			);
			runOnlyForDeploymentPostprocessing = 0;
		};
		B5A3B69527FF3DDC0009D3BE /* Frameworks */ = {
			isa = PBXFrameworksBuildPhase;
			buildActionMask = 2147483647;
			files = (
			);
			runOnlyForDeploymentPostprocessing = 0;
		};
		B5A3B69F27FF3DDC0009D3BE /* Frameworks */ = {
			isa = PBXFrameworksBuildPhase;
			buildActionMask = 2147483647;
			files = (
			);
			runOnlyForDeploymentPostprocessing = 0;
		};
/* End PBXFrameworksBuildPhase section */

/* Begin PBXGroup section */
		B5655C5228340BCA00B43BEB /* Fonts */ = {
			isa = PBXGroup;
			children = (
				B5655C5528354C8600B43BEB /* sf-ui-text-semibold.ttf */,
				B5655C50283406C300B43BEB /* sf-ui-display-black.ttf */,
				B5655C5D2835628900B43BEB /* SF-UI-Display-Bold.ttf */,
				B5655C5F283562DB00B43BEB /* sf-ui-text-bold.ttf */,
			);
			path = Fonts;
			sourceTree = "<group>";
		};
		B5655C5B28355FB700B43BEB /* View */ = {
			isa = PBXGroup;
			children = (
				B5B2A8B728130E51001A735B /* FavouritesListVC.swift */,
				B5490625280F29D5009AF283 /* FavouriteCharacterCell.swift */,
			);
			path = View;
			sourceTree = "<group>";
		};
		B5655C632835682800B43BEB /* Extensions */ = {
			isa = PBXGroup;
			children = (
				B5655C642835686400B43BEB /* UITableViewCell+defaultReuseIdentifier.swift */,
				B5655C662835694B00B43BEB /* UICollectionViewCell+defaultReuseIdentifier.swift */,
			);
			path = Extensions;
			sourceTree = "<group>";
		};
		B5655C6A283588FF00B43BEB /* View */ = {
			isa = PBXGroup;
			children = (
				B5B2A8AB28130C1B001A735B /* CharacterPageVC.swift */,
				B5B2A88A2811FAC5001A735B /* CharacterDescriptionCell.swift */,
			);
			path = View;
			sourceTree = "<group>";
		};
		B5655C782835AC8D00B43BEB /* View */ = {
			isa = PBXGroup;
			children = (
				B5B2A8B128130DA5001A735B /* HomeVC.swift */,
				B5B2A8C62813F569001A735B /* TileCell.swift */,
			);
			path = View;
			sourceTree = "<group>";
		};
		B576982028380E6D00A75BD3 /* CharactersTiles */ = {
			isa = PBXGroup;
			children = (
				B576982B2838EBE700A75BD3 /* View */,
				B576982128380EA100A75BD3 /* CharactersTilesPresenter.swift */,
				B576982228380EA100A75BD3 /* CharactersTilesRouter.swift */,
				B576982428380EA100A75BD3 /* CharactersTilesBuilder.swift */,
			);
			path = CharactersTiles;
			sourceTree = "<group>";
		};
		B576982B2838EBE700A75BD3 /* View */ = {
			isa = PBXGroup;
			children = (
				B576982328380EA100A75BD3 /* CharactersTilesVC.swift */,
				B57698292838EB5100A75BD3 /* CharactersTilesAnimatationController.swift */,
			);
			path = View;
			sourceTree = "<group>";
		};
		B5A3B67927FF3DD90009D3BE = {
			isa = PBXGroup;
			children = (
				B5A3B68427FF3DDA0009D3BE /* HSERickApp */,
				B5A3B69B27FF3DDC0009D3BE /* HSERickAppTests */,
				B5A3B6A527FF3DDC0009D3BE /* HSERickAppUITests */,
				B5A3B68327FF3DDA0009D3BE /* Products */,
			);
			sourceTree = "<group>";
		};
		B5A3B68327FF3DDA0009D3BE /* Products */ = {
			isa = PBXGroup;
			children = (
				B5A3B68227FF3DDA0009D3BE /* HSERickApp.app */,
				B5A3B69827FF3DDC0009D3BE /* HSERickAppTests.xctest */,
				B5A3B6A227FF3DDC0009D3BE /* HSERickAppUITests.xctest */,
			);
			name = Products;
			sourceTree = "<group>";
		};
		B5A3B68427FF3DDA0009D3BE /* HSERickApp */ = {
			isa = PBXGroup;
			children = (
				B5655C632835682800B43BEB /* Extensions */,
				B5B2A8842811F7F6001A735B /* Model */,
				B5A3B6BD28088D540009D3BE /* Scenes */,
				B5F2A10128190F0C005B05D6 /* Services */,
				B5B2A89428121C53001A735B /* App */,
				B5655C5228340BCA00B43BEB /* Fonts */,
				B5A3B68E27FF3DDC0009D3BE /* Assets.xcassets */,
				B5B2A89228121B09001A735B /* Colors.xcassets */,
			);
			path = HSERickApp;
			sourceTree = "<group>";
		};
		B5A3B69B27FF3DDC0009D3BE /* HSERickAppTests */ = {
			isa = PBXGroup;
			children = (
				B5A3B69C27FF3DDC0009D3BE /* HSERickAppTests.swift */,
			);
			path = HSERickAppTests;
			sourceTree = "<group>";
		};
		B5A3B6A527FF3DDC0009D3BE /* HSERickAppUITests */ = {
			isa = PBXGroup;
			children = (
				B5A3B6A627FF3DDC0009D3BE /* HSERickAppUITests.swift */,
				B5A3B6A827FF3DDC0009D3BE /* HSERickAppUITestsLaunchTests.swift */,
			);
			path = HSERickAppUITests;
			sourceTree = "<group>";
		};
		B5A3B6BD28088D540009D3BE /* Scenes */ = {
			isa = PBXGroup;
			children = (
				B5B2A891281202F5001A735B /* MainTabBar */,
				B5B2A88F281202A3001A735B /* Home */,
				B576982028380E6D00A75BD3 /* CharactersTiles */,
				B5B2A88E28120282001A735B /* FavouritesList */,
				B5B2A8A928130BFD001A735B /* CharacterPage */,
				B5B2A890281202C6001A735B /* Search */,
			);
			path = Scenes;
			sourceTree = "<group>";
		};
		B5B2A8842811F7F6001A735B /* Model */ = {
			isa = PBXGroup;
			children = (
				B5F2A10728191714005B05D6 /* CharacterModel+LocationModel.swift */,
				B5C7562C281B3AEE00A2DC24 /* CharacterDescriptionModel.swift */,
				B5C75630281D44CD00A2DC24 /* CharacterCategory.swift */,
				B5655C572835531300B43BEB /* SearchResultModel.swift */,
				B5655C61283562ED00B43BEB /* CustomFonts.swift */,
			);
			path = Model;
			sourceTree = "<group>";
		};
		B5B2A88E28120282001A735B /* FavouritesList */ = {
			isa = PBXGroup;
			children = (
				B5655C5B28355FB700B43BEB /* View */,
				B5B2A8B628130E51001A735B /* FavouritesListPresenter.swift */,
				B5B2A8B828130E51001A735B /* FavouritesListBuilder.swift */,
				B5B2A8C42813189B001A735B /* FavouritesListRouter.swift */,
			);
			path = FavouritesList;
			sourceTree = "<group>";
		};
		B5B2A88F281202A3001A735B /* Home */ = {
			isa = PBXGroup;
			children = (
				B5655C782835AC8D00B43BEB /* View */,
				B5B2A8B028130DA5001A735B /* HomePresenter.swift */,
				B5B2A8B228130DA5001A735B /* HomeBuilder.swift */,
			);
			path = Home;
			sourceTree = "<group>";
		};
		B5B2A890281202C6001A735B /* Search */ = {
			isa = PBXGroup;
			children = (
				B5C7562E281C5DB700A2DC24 /* View */,
				B5B2A8A328130B58001A735B /* SearchPresenter.swift */,
				B5B2A8A528130B58001A735B /* SearchBuilder.swift */,
				B5655C68283583E500B43BEB /* SearchRouter.swift */,
			);
			path = Search;
			sourceTree = "<group>";
		};
		B5B2A891281202F5001A735B /* MainTabBar */ = {
			isa = PBXGroup;
			children = (
				B5F2A0F92819014A005B05D6 /* TabBarPresenter.swift */,
				B5F2A0FA2819014A005B05D6 /* TabBarViewController.swift */,
				B5F2A0FB2819014A005B05D6 /* TabBarBuilder.swift */,
				B5F2A0FF28190467005B05D6 /* TabBarRouter.swift */,
			);
			path = MainTabBar;
			sourceTree = "<group>";
		};
		B5B2A89428121C53001A735B /* App */ = {
			isa = PBXGroup;
			children = (
				B5A3B68527FF3DDA0009D3BE /* AppDelegate.swift */,
				B5A3B68727FF3DDA0009D3BE /* SceneDelegate.swift */,
				B5A3B69027FF3DDC0009D3BE /* LaunchScreen.storyboard */,
				B5A3B69327FF3DDC0009D3BE /* Info.plist */,
			);
			path = App;
			sourceTree = "<group>";
		};
		B5B2A8A928130BFD001A735B /* CharacterPage */ = {
			isa = PBXGroup;
			children = (
				B5655C6A283588FF00B43BEB /* View */,
				B5B2A8AA28130C1B001A735B /* CharacterPagePresenter.swift */,
				B5B2A8AC28130C1B001A735B /* CharacterPageBuilder.swift */,
			);
			path = CharacterPage;
			sourceTree = "<group>";
		};
		B5C7562E281C5DB700A2DC24 /* View */ = {
			isa = PBXGroup;
			children = (
				B5B2A8A428130B58001A735B /* SearchVС.swift */,
				B50E63C328185DD20069719B /* SuggestionContainerCell.swift */,
				B50E63C128185BFC0069719B /* SmallCharacterCell.swift */,
				B5655C5928355F9B00B43BEB /* SearchResultCell.swift */,
			);
			path = View;
			sourceTree = "<group>";
		};
		B5F2A10128190F0C005B05D6 /* Services */ = {
			isa = PBXGroup;
			children = (
				B5F2A10A281917C0005B05D6 /* UserDefaultsManager */,
				B5F2A109281917A9005B05D6 /* RickMortyAPI */,
			);
			path = Services;
			sourceTree = "<group>";
		};
		B5F2A109281917A9005B05D6 /* RickMortyAPI */ = {
			isa = PBXGroup;
			children = (
				B5F2A102281915D2005B05D6 /* RickAPIEndpoint.swift */,
				B5F2A104281916AF005B05D6 /* APIWorker.swift */,
			);
			path = RickMortyAPI;
			sourceTree = "<group>";
		};
		B5F2A10A281917C0005B05D6 /* UserDefaultsManager */ = {
			isa = PBXGroup;
			children = (
				B5F2A10B28191837005B05D6 /* UDManager.swift */,
			);
			path = UserDefaultsManager;
			sourceTree = "<group>";
		};
/* End PBXGroup section */

/* Begin PBXNativeTarget section */
		B5A3B68127FF3DDA0009D3BE /* HSERickApp */ = {
			isa = PBXNativeTarget;
			buildConfigurationList = B5A3B6AC27FF3DDC0009D3BE /* Build configuration list for PBXNativeTarget "HSERickApp" */;
			buildPhases = (
				B5A3B67E27FF3DDA0009D3BE /* Sources */,
				B5C7562F281D301500A2DC24 /* ShellScript */,
				B5A3B67F27FF3DDA0009D3BE /* Frameworks */,
				B5A3B68027FF3DDA0009D3BE /* Resources */,
			);
			buildRules = (
			);
			dependencies = (
			);
			name = HSERickApp;
			packageProductDependencies = (
				B5490628280F2B26009AF283 /* Kingfisher */,
				B5655C742835AAB500B43BEB /* Collections */,
				B5655C762835AAB500B43BEB /* OrderedCollections */,
			);
			productName = HSERickApp;
			productReference = B5A3B68227FF3DDA0009D3BE /* HSERickApp.app */;
			productType = "com.apple.product-type.application";
		};
		B5A3B69727FF3DDC0009D3BE /* HSERickAppTests */ = {
			isa = PBXNativeTarget;
			buildConfigurationList = B5A3B6AF27FF3DDC0009D3BE /* Build configuration list for PBXNativeTarget "HSERickAppTests" */;
			buildPhases = (
				B5A3B69427FF3DDC0009D3BE /* Sources */,
				B5A3B69527FF3DDC0009D3BE /* Frameworks */,
				B5A3B69627FF3DDC0009D3BE /* Resources */,
			);
			buildRules = (
			);
			dependencies = (
				B5A3B69A27FF3DDC0009D3BE /* PBXTargetDependency */,
			);
			name = HSERickAppTests;
			productName = HSERickAppTests;
			productReference = B5A3B69827FF3DDC0009D3BE /* HSERickAppTests.xctest */;
			productType = "com.apple.product-type.bundle.unit-test";
		};
		B5A3B6A127FF3DDC0009D3BE /* HSERickAppUITests */ = {
			isa = PBXNativeTarget;
			buildConfigurationList = B5A3B6B227FF3DDC0009D3BE /* Build configuration list for PBXNativeTarget "HSERickAppUITests" */;
			buildPhases = (
				B5A3B69E27FF3DDC0009D3BE /* Sources */,
				B5A3B69F27FF3DDC0009D3BE /* Frameworks */,
				B5A3B6A027FF3DDC0009D3BE /* Resources */,
			);
			buildRules = (
			);
			dependencies = (
				B5A3B6A427FF3DDC0009D3BE /* PBXTargetDependency */,
			);
			name = HSERickAppUITests;
			productName = HSERickAppUITests;
			productReference = B5A3B6A227FF3DDC0009D3BE /* HSERickAppUITests.xctest */;
			productType = "com.apple.product-type.bundle.ui-testing";
		};
/* End PBXNativeTarget section */

/* Begin PBXProject section */
		B5A3B67A27FF3DD90009D3BE /* Project object */ = {
			isa = PBXProject;
			attributes = {
				BuildIndependentTargetsInParallel = 1;
				LastSwiftUpdateCheck = 1330;
				LastUpgradeCheck = 1330;
				TargetAttributes = {
					B5A3B68127FF3DDA0009D3BE = {
						CreatedOnToolsVersion = 13.3;
					};
					B5A3B69727FF3DDC0009D3BE = {
						CreatedOnToolsVersion = 13.3;
						TestTargetID = B5A3B68127FF3DDA0009D3BE;
					};
					B5A3B6A127FF3DDC0009D3BE = {
						CreatedOnToolsVersion = 13.3;
						TestTargetID = B5A3B68127FF3DDA0009D3BE;
					};
				};
			};
			buildConfigurationList = B5A3B67D27FF3DD90009D3BE /* Build configuration list for PBXProject "HSERickApp" */;
			compatibilityVersion = "Xcode 13.0";
			developmentRegion = en;
			hasScannedForEncodings = 0;
			knownRegions = (
				en,
				Base,
			);
			mainGroup = B5A3B67927FF3DD90009D3BE;
			packageReferences = (
				B5490627280F2B26009AF283 /* XCRemoteSwiftPackageReference "Kingfisher" */,
				B5655C732835AAB500B43BEB /* XCRemoteSwiftPackageReference "swift-collections" */,
			);
			productRefGroup = B5A3B68327FF3DDA0009D3BE /* Products */;
			projectDirPath = "";
			projectRoot = "";
			targets = (
				B5A3B68127FF3DDA0009D3BE /* HSERickApp */,
				B5A3B69727FF3DDC0009D3BE /* HSERickAppTests */,
				B5A3B6A127FF3DDC0009D3BE /* HSERickAppUITests */,
			);
		};
/* End PBXProject section */

/* Begin PBXResourcesBuildPhase section */
		B5A3B68027FF3DDA0009D3BE /* Resources */ = {
			isa = PBXResourcesBuildPhase;
			buildActionMask = 2147483647;
			files = (
				B5655C51283406C300B43BEB /* sf-ui-display-black.ttf in Resources */,
				B5655C60283562DB00B43BEB /* sf-ui-text-bold.ttf in Resources */,
				B5B2A89328121B09001A735B /* Colors.xcassets in Resources */,
				B5A3B69227FF3DDC0009D3BE /* LaunchScreen.storyboard in Resources */,
				B5655C5628354C8700B43BEB /* sf-ui-text-semibold.ttf in Resources */,
				B5A3B68F27FF3DDC0009D3BE /* Assets.xcassets in Resources */,
				B5655C5E2835628900B43BEB /* SF-UI-Display-Bold.ttf in Resources */,
			);
			runOnlyForDeploymentPostprocessing = 0;
		};
		B5A3B69627FF3DDC0009D3BE /* Resources */ = {
			isa = PBXResourcesBuildPhase;
			buildActionMask = 2147483647;
			files = (
			);
			runOnlyForDeploymentPostprocessing = 0;
		};
		B5A3B6A027FF3DDC0009D3BE /* Resources */ = {
			isa = PBXResourcesBuildPhase;
			buildActionMask = 2147483647;
			files = (
			);
			runOnlyForDeploymentPostprocessing = 0;
		};
/* End PBXResourcesBuildPhase section */

/* Begin PBXShellScriptBuildPhase section */
		B5C7562F281D301500A2DC24 /* ShellScript */ = {
			isa = PBXShellScriptBuildPhase;
			buildActionMask = 2147483647;
			files = (
			);
			inputFileListPaths = (
			);
			inputPaths = (
			);
			outputFileListPaths = (
			);
			outputPaths = (
			);
			runOnlyForDeploymentPostprocessing = 0;
			shellPath = /bin/sh;
			shellScript = "export PATH=\"$PATH:/opt/homebrew/bin\"\nif which swiftlint > /dev/null; then\n  swiftlint\nelse\n  echo \"warning: SwiftLint not installed, download from https://github.com/realm/SwiftLint\"\nfi\n";
		};
/* End PBXShellScriptBuildPhase section */

/* Begin PBXSourcesBuildPhase section */
		B5A3B67E27FF3DDA0009D3BE /* Sources */ = {
			isa = PBXSourcesBuildPhase;
			buildActionMask = 2147483647;
			files = (
				B5F2A10028190467005B05D6 /* TabBarRouter.swift in Sources */,
				B5B2A8A828130B58001A735B /* SearchBuilder.swift in Sources */,
				B5B2A8A628130B58001A735B /* SearchPresenter.swift in Sources */,
				B5B2A8B428130DA5001A735B /* HomeVC.swift in Sources */,
				B5490626280F29D5009AF283 /* FavouriteCharacterCell.swift in Sources */,
				B5F2A103281915D2005B05D6 /* RickAPIEndpoint.swift in Sources */,
				B576982A2838EB5100A75BD3 /* CharactersTilesAnimatationController.swift in Sources */,
				B5655C5A28355F9B00B43BEB /* SearchResultCell.swift in Sources */,
				B5B2A8AD28130C1B001A735B /* CharacterPagePresenter.swift in Sources */,
				B5C75631281D44CD00A2DC24 /* CharacterCategory.swift in Sources */,
				B5B2A8BB28130E51001A735B /* FavouritesListBuilder.swift in Sources */,
				B5C7562D281B3AEE00A2DC24 /* CharacterDescriptionModel.swift in Sources */,
				B5B2A8B528130DA5001A735B /* HomeBuilder.swift in Sources */,
				B5655C69283583E500B43BEB /* SearchRouter.swift in Sources */,
				B5F2A0FE2819014A005B05D6 /* TabBarBuilder.swift in Sources */,
				B50E63C428185DD20069719B /* SuggestionContainerCell.swift in Sources */,
				B5B2A8B928130E51001A735B /* FavouritesListPresenter.swift in Sources */,
				B5B2A8C72813F569001A735B /* TileCell.swift in Sources */,
				B5B2A8AF28130C1B001A735B /* CharacterPageBuilder.swift in Sources */,
				B576982628380EA100A75BD3 /* CharactersTilesRouter.swift in Sources */,
				B5655C652835686400B43BEB /* UITableViewCell+defaultReuseIdentifier.swift in Sources */,
				B5A3B68627FF3DDA0009D3BE /* AppDelegate.swift in Sources */,
				B576982728380EA100A75BD3 /* CharactersTilesVC.swift in Sources */,
				B5B2A8C52813189B001A735B /* FavouritesListRouter.swift in Sources */,
				B576982828380EA100A75BD3 /* CharactersTilesBuilder.swift in Sources */,
				B5F2A0FD2819014A005B05D6 /* TabBarViewController.swift in Sources */,
				B5B2A8AE28130C1B001A735B /* CharacterPageVC.swift in Sources */,
				B5F2A10C28191837005B05D6 /* UDManager.swift in Sources */,
				B5655C672835694B00B43BEB /* UICollectionViewCell+defaultReuseIdentifier.swift in Sources */,
				B5B2A8A728130B58001A735B /* SearchVС.swift in Sources */,
				B5655C582835531300B43BEB /* SearchResultModel.swift in Sources */,
				B50E63C228185BFC0069719B /* SmallCharacterCell.swift in Sources */,
				B5B2A8BA28130E51001A735B /* FavouritesListVC.swift in Sources */,
				B576982528380EA100A75BD3 /* CharactersTilesPresenter.swift in Sources */,
				B5B2A88B2811FAC5001A735B /* CharacterDescriptionCell.swift in Sources */,
				B5F2A0FC2819014A005B05D6 /* TabBarPresenter.swift in Sources */,
				B5A3B68827FF3DDA0009D3BE /* SceneDelegate.swift in Sources */,
				B5F2A105281916AF005B05D6 /* APIWorker.swift in Sources */,
				B5655C62283562ED00B43BEB /* CustomFonts.swift in Sources */,
				B5B2A8B328130DA5001A735B /* HomePresenter.swift in Sources */,
				B5F2A10828191714005B05D6 /* CharacterModel+LocationModel.swift in Sources */,
			);
			runOnlyForDeploymentPostprocessing = 0;
		};
		B5A3B69427FF3DDC0009D3BE /* Sources */ = {
			isa = PBXSourcesBuildPhase;
			buildActionMask = 2147483647;
			files = (
				B5A3B69D27FF3DDC0009D3BE /* HSERickAppTests.swift in Sources */,
			);
			runOnlyForDeploymentPostprocessing = 0;
		};
		B5A3B69E27FF3DDC0009D3BE /* Sources */ = {
			isa = PBXSourcesBuildPhase;
			buildActionMask = 2147483647;
			files = (
				B5A3B6A927FF3DDC0009D3BE /* HSERickAppUITestsLaunchTests.swift in Sources */,
				B5A3B6A727FF3DDC0009D3BE /* HSERickAppUITests.swift in Sources */,
			);
			runOnlyForDeploymentPostprocessing = 0;
		};
/* End PBXSourcesBuildPhase section */

/* Begin PBXTargetDependency section */
		B5A3B69A27FF3DDC0009D3BE /* PBXTargetDependency */ = {
			isa = PBXTargetDependency;
			target = B5A3B68127FF3DDA0009D3BE /* HSERickApp */;
			targetProxy = B5A3B69927FF3DDC0009D3BE /* PBXContainerItemProxy */;
		};
		B5A3B6A427FF3DDC0009D3BE /* PBXTargetDependency */ = {
			isa = PBXTargetDependency;
			target = B5A3B68127FF3DDA0009D3BE /* HSERickApp */;
			targetProxy = B5A3B6A327FF3DDC0009D3BE /* PBXContainerItemProxy */;
		};
/* End PBXTargetDependency section */

/* Begin PBXVariantGroup section */
		B5A3B69027FF3DDC0009D3BE /* LaunchScreen.storyboard */ = {
			isa = PBXVariantGroup;
			children = (
				B5A3B69127FF3DDC0009D3BE /* Base */,
			);
			name = LaunchScreen.storyboard;
			sourceTree = "<group>";
		};
/* End PBXVariantGroup section */

/* Begin XCBuildConfiguration section */
		B5A3B6AA27FF3DDC0009D3BE /* Debug */ = {
			isa = XCBuildConfiguration;
			buildSettings = {
				ALWAYS_SEARCH_USER_PATHS = NO;
				CLANG_ANALYZER_NONNULL = YES;
				CLANG_ANALYZER_NUMBER_OBJECT_CONVERSION = YES_AGGRESSIVE;
				CLANG_CXX_LANGUAGE_STANDARD = "gnu++17";
				CLANG_ENABLE_MODULES = YES;
				CLANG_ENABLE_OBJC_ARC = YES;
				CLANG_ENABLE_OBJC_WEAK = YES;
				CLANG_WARN_BLOCK_CAPTURE_AUTORELEASING = YES;
				CLANG_WARN_BOOL_CONVERSION = YES;
				CLANG_WARN_COMMA = YES;
				CLANG_WARN_CONSTANT_CONVERSION = YES;
				CLANG_WARN_DEPRECATED_OBJC_IMPLEMENTATIONS = YES;
				CLANG_WARN_DIRECT_OBJC_ISA_USAGE = YES_ERROR;
				CLANG_WARN_DOCUMENTATION_COMMENTS = YES;
				CLANG_WARN_EMPTY_BODY = YES;
				CLANG_WARN_ENUM_CONVERSION = YES;
				CLANG_WARN_INFINITE_RECURSION = YES;
				CLANG_WARN_INT_CONVERSION = YES;
				CLANG_WARN_NON_LITERAL_NULL_CONVERSION = YES;
				CLANG_WARN_OBJC_IMPLICIT_RETAIN_SELF = YES;
				CLANG_WARN_OBJC_LITERAL_CONVERSION = YES;
				CLANG_WARN_OBJC_ROOT_CLASS = YES_ERROR;
				CLANG_WARN_QUOTED_INCLUDE_IN_FRAMEWORK_HEADER = YES;
				CLANG_WARN_RANGE_LOOP_ANALYSIS = YES;
				CLANG_WARN_STRICT_PROTOTYPES = YES;
				CLANG_WARN_SUSPICIOUS_MOVE = YES;
				CLANG_WARN_UNGUARDED_AVAILABILITY = YES_AGGRESSIVE;
				CLANG_WARN_UNREACHABLE_CODE = YES;
				CLANG_WARN__DUPLICATE_METHOD_MATCH = YES;
				COPY_PHASE_STRIP = NO;
				DEBUG_INFORMATION_FORMAT = dwarf;
				ENABLE_STRICT_OBJC_MSGSEND = YES;
				ENABLE_TESTABILITY = YES;
				GCC_C_LANGUAGE_STANDARD = gnu11;
				GCC_DYNAMIC_NO_PIC = NO;
				GCC_NO_COMMON_BLOCKS = YES;
				GCC_OPTIMIZATION_LEVEL = 0;
				GCC_PREPROCESSOR_DEFINITIONS = (
					"DEBUG=1",
					"$(inherited)",
				);
				GCC_WARN_64_TO_32_BIT_CONVERSION = YES;
				GCC_WARN_ABOUT_RETURN_TYPE = YES_ERROR;
				GCC_WARN_UNDECLARED_SELECTOR = YES;
				GCC_WARN_UNINITIALIZED_AUTOS = YES_AGGRESSIVE;
				GCC_WARN_UNUSED_FUNCTION = YES;
				GCC_WARN_UNUSED_VARIABLE = YES;
				INFOPLIST_FILE = App/info.plist;
				IPHONEOS_DEPLOYMENT_TARGET = 15.4;
				MTL_ENABLE_DEBUG_INFO = INCLUDE_SOURCE;
				MTL_FAST_MATH = YES;
				ONLY_ACTIVE_ARCH = YES;
				SDKROOT = iphoneos;
				SWIFT_ACTIVE_COMPILATION_CONDITIONS = DEBUG;
				SWIFT_OPTIMIZATION_LEVEL = "-Onone";
			};
			name = Debug;
		};
		B5A3B6AB27FF3DDC0009D3BE /* Release */ = {
			isa = XCBuildConfiguration;
			buildSettings = {
				ALWAYS_SEARCH_USER_PATHS = NO;
				CLANG_ANALYZER_NONNULL = YES;
				CLANG_ANALYZER_NUMBER_OBJECT_CONVERSION = YES_AGGRESSIVE;
				CLANG_CXX_LANGUAGE_STANDARD = "gnu++17";
				CLANG_ENABLE_MODULES = YES;
				CLANG_ENABLE_OBJC_ARC = YES;
				CLANG_ENABLE_OBJC_WEAK = YES;
				CLANG_WARN_BLOCK_CAPTURE_AUTORELEASING = YES;
				CLANG_WARN_BOOL_CONVERSION = YES;
				CLANG_WARN_COMMA = YES;
				CLANG_WARN_CONSTANT_CONVERSION = YES;
				CLANG_WARN_DEPRECATED_OBJC_IMPLEMENTATIONS = YES;
				CLANG_WARN_DIRECT_OBJC_ISA_USAGE = YES_ERROR;
				CLANG_WARN_DOCUMENTATION_COMMENTS = YES;
				CLANG_WARN_EMPTY_BODY = YES;
				CLANG_WARN_ENUM_CONVERSION = YES;
				CLANG_WARN_INFINITE_RECURSION = YES;
				CLANG_WARN_INT_CONVERSION = YES;
				CLANG_WARN_NON_LITERAL_NULL_CONVERSION = YES;
				CLANG_WARN_OBJC_IMPLICIT_RETAIN_SELF = YES;
				CLANG_WARN_OBJC_LITERAL_CONVERSION = YES;
				CLANG_WARN_OBJC_ROOT_CLASS = YES_ERROR;
				CLANG_WARN_QUOTED_INCLUDE_IN_FRAMEWORK_HEADER = YES;
				CLANG_WARN_RANGE_LOOP_ANALYSIS = YES;
				CLANG_WARN_STRICT_PROTOTYPES = YES;
				CLANG_WARN_SUSPICIOUS_MOVE = YES;
				CLANG_WARN_UNGUARDED_AVAILABILITY = YES_AGGRESSIVE;
				CLANG_WARN_UNREACHABLE_CODE = YES;
				CLANG_WARN__DUPLICATE_METHOD_MATCH = YES;
				COPY_PHASE_STRIP = NO;
				DEBUG_INFORMATION_FORMAT = "dwarf-with-dsym";
				ENABLE_NS_ASSERTIONS = NO;
				ENABLE_STRICT_OBJC_MSGSEND = YES;
				GCC_C_LANGUAGE_STANDARD = gnu11;
				GCC_NO_COMMON_BLOCKS = YES;
				GCC_WARN_64_TO_32_BIT_CONVERSION = YES;
				GCC_WARN_ABOUT_RETURN_TYPE = YES_ERROR;
				GCC_WARN_UNDECLARED_SELECTOR = YES;
				GCC_WARN_UNINITIALIZED_AUTOS = YES_AGGRESSIVE;
				GCC_WARN_UNUSED_FUNCTION = YES;
				GCC_WARN_UNUSED_VARIABLE = YES;
				INFOPLIST_FILE = App/info.plist;
				IPHONEOS_DEPLOYMENT_TARGET = 15.4;
				MTL_ENABLE_DEBUG_INFO = NO;
				MTL_FAST_MATH = YES;
				SDKROOT = iphoneos;
				SWIFT_COMPILATION_MODE = wholemodule;
				SWIFT_OPTIMIZATION_LEVEL = "-O";
				VALIDATE_PRODUCT = YES;
			};
			name = Release;
		};
		B5A3B6AD27FF3DDC0009D3BE /* Debug */ = {
			isa = XCBuildConfiguration;
			buildSettings = {
				ASSETCATALOG_COMPILER_APPICON_NAME = AppIcon;
				ASSETCATALOG_COMPILER_GLOBAL_ACCENT_COLOR_NAME = AccentColor;
				CODE_SIGN_STYLE = Automatic;
				CURRENT_PROJECT_VERSION = 1;
				DEVELOPMENT_TEAM = X3C4UMBA4P;
				GENERATE_INFOPLIST_FILE = YES;
				INFOPLIST_FILE = HSERickApp/App/Info.plist;
				INFOPLIST_KEY_UIApplicationSupportsIndirectInputEvents = YES;
				INFOPLIST_KEY_UILaunchStoryboardName = LaunchScreen;
				INFOPLIST_KEY_UISupportedInterfaceOrientations = UIInterfaceOrientationPortrait;
				INFOPLIST_KEY_UISupportedInterfaceOrientations_iPad = "UIInterfaceOrientationPortrait UIInterfaceOrientationPortraitUpsideDown UIInterfaceOrientationLandscapeLeft UIInterfaceOrientationLandscapeRight";
				INFOPLIST_KEY_UISupportedInterfaceOrientations_iPhone = "UIInterfaceOrientationPortrait UIInterfaceOrientationLandscapeLeft UIInterfaceOrientationLandscapeRight";
				LD_RUNPATH_SEARCH_PATHS = (
					"$(inherited)",
					"@executable_path/Frameworks",
				);
				MARKETING_VERSION = 1.0;
				OTHER_SWIFT_FLAGS = "";
				PRODUCT_BUNDLE_IDENTIFIER = com.HSERickApp;
				PRODUCT_NAME = "$(TARGET_NAME)";
				SWIFT_EMIT_LOC_STRINGS = YES;
				SWIFT_VERSION = 5.0;
				TARGETED_DEVICE_FAMILY = 1;
			};
			name = Debug;
		};
		B5A3B6AE27FF3DDC0009D3BE /* Release */ = {
			isa = XCBuildConfiguration;
			buildSettings = {
				ASSETCATALOG_COMPILER_APPICON_NAME = AppIcon;
				ASSETCATALOG_COMPILER_GLOBAL_ACCENT_COLOR_NAME = AccentColor;
				CODE_SIGN_STYLE = Automatic;
				CURRENT_PROJECT_VERSION = 1;
				DEVELOPMENT_TEAM = X3C4UMBA4P;
				GENERATE_INFOPLIST_FILE = YES;
				INFOPLIST_FILE = HSERickApp/App/Info.plist;
				INFOPLIST_KEY_UIApplicationSupportsIndirectInputEvents = YES;
				INFOPLIST_KEY_UILaunchStoryboardName = LaunchScreen;
				INFOPLIST_KEY_UISupportedInterfaceOrientations = UIInterfaceOrientationPortrait;
				INFOPLIST_KEY_UISupportedInterfaceOrientations_iPad = "UIInterfaceOrientationPortrait UIInterfaceOrientationPortraitUpsideDown UIInterfaceOrientationLandscapeLeft UIInterfaceOrientationLandscapeRight";
				INFOPLIST_KEY_UISupportedInterfaceOrientations_iPhone = "UIInterfaceOrientationPortrait UIInterfaceOrientationLandscapeLeft UIInterfaceOrientationLandscapeRight";
				LD_RUNPATH_SEARCH_PATHS = (
					"$(inherited)",
					"@executable_path/Frameworks",
				);
				MARKETING_VERSION = 1.0;
				OTHER_SWIFT_FLAGS = "";
				PRODUCT_BUNDLE_IDENTIFIER = com.HSERickApp;
				PRODUCT_NAME = "$(TARGET_NAME)";
				SWIFT_EMIT_LOC_STRINGS = YES;
				SWIFT_VERSION = 5.0;
				TARGETED_DEVICE_FAMILY = 1;
			};
			name = Release;
		};
		B5A3B6B027FF3DDC0009D3BE /* Debug */ = {
			isa = XCBuildConfiguration;
			buildSettings = {
				ALWAYS_EMBED_SWIFT_STANDARD_LIBRARIES = YES;
				BUNDLE_LOADER = "$(TEST_HOST)";
				CODE_SIGN_STYLE = Automatic;
				CURRENT_PROJECT_VERSION = 1;
				DEVELOPMENT_TEAM = X3C4UMBA4P;
				GENERATE_INFOPLIST_FILE = YES;
				INFOPLIST_FILE = "";
				IPHONEOS_DEPLOYMENT_TARGET = 15.4;
				MARKETING_VERSION = 1.0;
				PRODUCT_BUNDLE_IDENTIFIER = com.HSERickAppTests;
				PRODUCT_NAME = "$(TARGET_NAME)";
				SWIFT_EMIT_LOC_STRINGS = NO;
				SWIFT_VERSION = 5.0;
				TARGETED_DEVICE_FAMILY = "1,2";
				TEST_HOST = "$(BUILT_PRODUCTS_DIR)/HSERickApp.app/HSERickApp";
			};
			name = Debug;
		};
		B5A3B6B127FF3DDC0009D3BE /* Release */ = {
			isa = XCBuildConfiguration;
			buildSettings = {
				ALWAYS_EMBED_SWIFT_STANDARD_LIBRARIES = YES;
				BUNDLE_LOADER = "$(TEST_HOST)";
				CODE_SIGN_STYLE = Automatic;
				CURRENT_PROJECT_VERSION = 1;
				DEVELOPMENT_TEAM = X3C4UMBA4P;
				GENERATE_INFOPLIST_FILE = YES;
				INFOPLIST_FILE = "";
				IPHONEOS_DEPLOYMENT_TARGET = 15.4;
				MARKETING_VERSION = 1.0;
				PRODUCT_BUNDLE_IDENTIFIER = com.HSERickAppTests;
				PRODUCT_NAME = "$(TARGET_NAME)";
				SWIFT_EMIT_LOC_STRINGS = NO;
				SWIFT_VERSION = 5.0;
				TARGETED_DEVICE_FAMILY = "1,2";
				TEST_HOST = "$(BUILT_PRODUCTS_DIR)/HSERickApp.app/HSERickApp";
			};
			name = Release;
		};
		B5A3B6B327FF3DDC0009D3BE /* Debug */ = {
			isa = XCBuildConfiguration;
			buildSettings = {
				ALWAYS_EMBED_SWIFT_STANDARD_LIBRARIES = YES;
				CODE_SIGN_STYLE = Automatic;
				CURRENT_PROJECT_VERSION = 1;
				DEVELOPMENT_TEAM = X3C4UMBA4P;
				GENERATE_INFOPLIST_FILE = YES;
				MARKETING_VERSION = 1.0;
				PRODUCT_BUNDLE_IDENTIFIER = com.HSERickAppUITests;
				PRODUCT_NAME = "$(TARGET_NAME)";
				SWIFT_EMIT_LOC_STRINGS = NO;
				SWIFT_VERSION = 5.0;
				TARGETED_DEVICE_FAMILY = "1,2";
				TEST_TARGET_NAME = HSERickApp;
			};
			name = Debug;
		};
		B5A3B6B427FF3DDC0009D3BE /* Release */ = {
			isa = XCBuildConfiguration;
			buildSettings = {
				ALWAYS_EMBED_SWIFT_STANDARD_LIBRARIES = YES;
				CODE_SIGN_STYLE = Automatic;
				CURRENT_PROJECT_VERSION = 1;
				DEVELOPMENT_TEAM = X3C4UMBA4P;
				GENERATE_INFOPLIST_FILE = YES;
				MARKETING_VERSION = 1.0;
				PRODUCT_BUNDLE_IDENTIFIER = com.HSERickAppUITests;
				PRODUCT_NAME = "$(TARGET_NAME)";
				SWIFT_EMIT_LOC_STRINGS = NO;
				SWIFT_VERSION = 5.0;
				TARGETED_DEVICE_FAMILY = "1,2";
				TEST_TARGET_NAME = HSERickApp;
			};
			name = Release;
		};
/* End XCBuildConfiguration section */

/* Begin XCConfigurationList section */
		B5A3B67D27FF3DD90009D3BE /* Build configuration list for PBXProject "HSERickApp" */ = {
			isa = XCConfigurationList;
			buildConfigurations = (
				B5A3B6AA27FF3DDC0009D3BE /* Debug */,
				B5A3B6AB27FF3DDC0009D3BE /* Release */,
			);
			defaultConfigurationIsVisible = 0;
			defaultConfigurationName = Release;
		};
		B5A3B6AC27FF3DDC0009D3BE /* Build configuration list for PBXNativeTarget "HSERickApp" */ = {
			isa = XCConfigurationList;
			buildConfigurations = (
				B5A3B6AD27FF3DDC0009D3BE /* Debug */,
				B5A3B6AE27FF3DDC0009D3BE /* Release */,
			);
			defaultConfigurationIsVisible = 0;
			defaultConfigurationName = Release;
		};
		B5A3B6AF27FF3DDC0009D3BE /* Build configuration list for PBXNativeTarget "HSERickAppTests" */ = {
			isa = XCConfigurationList;
			buildConfigurations = (
				B5A3B6B027FF3DDC0009D3BE /* Debug */,
				B5A3B6B127FF3DDC0009D3BE /* Release */,
			);
			defaultConfigurationIsVisible = 0;
			defaultConfigurationName = Release;
		};
		B5A3B6B227FF3DDC0009D3BE /* Build configuration list for PBXNativeTarget "HSERickAppUITests" */ = {
			isa = XCConfigurationList;
			buildConfigurations = (
				B5A3B6B327FF3DDC0009D3BE /* Debug */,
				B5A3B6B427FF3DDC0009D3BE /* Release */,
			);
			defaultConfigurationIsVisible = 0;
			defaultConfigurationName = Release;
		};
/* End XCConfigurationList section */

/* Begin XCRemoteSwiftPackageReference section */
		B5490627280F2B26009AF283 /* XCRemoteSwiftPackageReference "Kingfisher" */ = {
			isa = XCRemoteSwiftPackageReference;
			repositoryURL = "https://github.com/onevcat/Kingfisher.git";
			requirement = {
				kind = upToNextMajorVersion;
				minimumVersion = 7.0.0;
			};
		};
		B5655C732835AAB500B43BEB /* XCRemoteSwiftPackageReference "swift-collections" */ = {
			isa = XCRemoteSwiftPackageReference;
			repositoryURL = "https://github.com/apple/swift-collections.git";
			requirement = {
				kind = upToNextMajorVersion;
				minimumVersion = 1.0.0;
			};
		};
/* End XCRemoteSwiftPackageReference section */

/* Begin XCSwiftPackageProductDependency section */
		B5490628280F2B26009AF283 /* Kingfisher */ = {
			isa = XCSwiftPackageProductDependency;
			package = B5490627280F2B26009AF283 /* XCRemoteSwiftPackageReference "Kingfisher" */;
			productName = Kingfisher;
		};
		B5655C742835AAB500B43BEB /* Collections */ = {
			isa = XCSwiftPackageProductDependency;
			package = B5655C732835AAB500B43BEB /* XCRemoteSwiftPackageReference "swift-collections" */;
			productName = Collections;
		};
		B5655C762835AAB500B43BEB /* OrderedCollections */ = {
			isa = XCSwiftPackageProductDependency;
			package = B5655C732835AAB500B43BEB /* XCRemoteSwiftPackageReference "swift-collections" */;
			productName = OrderedCollections;
		};
/* End XCSwiftPackageProductDependency section */
	};
	rootObject = B5A3B67A27FF3DD90009D3BE /* Project object */;
}
